// !$*UTF8*$!
{
	archiveVersion = 1;
	classes = {
	};
	objectVersion = 55;
	objects = {

/* Begin PBXBuildFile section */
		820C01B62865C5830046A566 /* AppDelegate.swift in Sources */ = {isa = PBXBuildFile; fileRef = 820C01B52865C5830046A566 /* AppDelegate.swift */; };
		820C01B82865C5830046A566 /* SceneDelegate.swift in Sources */ = {isa = PBXBuildFile; fileRef = 820C01B72865C5830046A566 /* SceneDelegate.swift */; };
		820C01BD2865C5830046A566 /* Main.storyboard in Resources */ = {isa = PBXBuildFile; fileRef = 820C01BB2865C5830046A566 /* Main.storyboard */; };
		820C01BF2865C5840046A566 /* Assets.xcassets in Resources */ = {isa = PBXBuildFile; fileRef = 820C01BE2865C5840046A566 /* Assets.xcassets */; };
		820C01C22865C5840046A566 /* LaunchScreen.storyboard in Resources */ = {isa = PBXBuildFile; fileRef = 820C01C02865C5840046A566 /* LaunchScreen.storyboard */; };
		820C01E82865C76F0046A566 /* EssentialFeed.framework in Frameworks */ = {isa = PBXBuildFile; fileRef = 820C01E62865C76F0046A566 /* EssentialFeed.framework */; };
		820C01E92865C76F0046A566 /* EssentialFeed.framework in Embed Frameworks */ = {isa = PBXBuildFile; fileRef = 820C01E62865C76F0046A566 /* EssentialFeed.framework */; settings = {ATTRIBUTES = (CodeSignOnCopy, RemoveHeadersOnCopy, ); }; };
		820C01EA2865C76F0046A566 /* EssentialFeediOS.framework in Frameworks */ = {isa = PBXBuildFile; fileRef = 820C01E72865C76F0046A566 /* EssentialFeediOS.framework */; };
		820C01EB2865C76F0046A566 /* EssentialFeediOS.framework in Embed Frameworks */ = {isa = PBXBuildFile; fileRef = 820C01E72865C76F0046A566 /* EssentialFeediOS.framework */; settings = {ATTRIBUTES = (CodeSignOnCopy, RemoveHeadersOnCopy, ); }; };
		820C01EE2868475C0046A566 /* FeedLoaderWithFallbackCompositeTests.swift in Sources */ = {isa = PBXBuildFile; fileRef = 820C01ED2868475C0046A566 /* FeedLoaderWithFallbackCompositeTests.swift */; };
		820C01F1286854750046A566 /* FeedLoaderWithFallbackComposite.swift in Sources */ = {isa = PBXBuildFile; fileRef = 820C01F0286854750046A566 /* FeedLoaderWithFallbackComposite.swift */; };
		820C01F32868552A0046A566 /* FeedImageDataLoaderWithFallbackCompositeTests.swift in Sources */ = {isa = PBXBuildFile; fileRef = 820C01F22868552A0046A566 /* FeedImageDataLoaderWithFallbackCompositeTests.swift */; };
		820C01F5286858500046A566 /* FeedImageDataLoaderWithFallbackComposite.swift in Sources */ = {isa = PBXBuildFile; fileRef = 820C01F4286858500046A566 /* FeedImageDataLoaderWithFallbackComposite.swift */; };
		820C01F828685A9A0046A566 /* XCTestCase+MemoryLeakTracking.swift in Sources */ = {isa = PBXBuildFile; fileRef = 820C01F728685A9A0046A566 /* XCTestCase+MemoryLeakTracking.swift */; };
		820C01FA28685AE40046A566 /* SharedTestHelpers.swift in Sources */ = {isa = PBXBuildFile; fileRef = 820C01F928685AE40046A566 /* SharedTestHelpers.swift */; };
		820C01FC28687C090046A566 /* FeedLoaderCacheDecoratorTests.swift in Sources */ = {isa = PBXBuildFile; fileRef = 820C01FB28687C090046A566 /* FeedLoaderCacheDecoratorTests.swift */; };
		820C01FE28687DD50046A566 /* FeedLoaderStub.swift in Sources */ = {isa = PBXBuildFile; fileRef = 820C01FD28687DD50046A566 /* FeedLoaderStub.swift */; };
		820C0200286882650046A566 /* XCTestCase+FeedLoader.swift in Sources */ = {isa = PBXBuildFile; fileRef = 820C01FF286882650046A566 /* XCTestCase+FeedLoader.swift */; };
		820C020428688A7F0046A566 /* FeedLoaderCacheDecorator.swift in Sources */ = {isa = PBXBuildFile; fileRef = 820C020328688A7F0046A566 /* FeedLoaderCacheDecorator.swift */; };
/* End PBXBuildFile section */

/* Begin PBXContainerItemProxy section */
		820C01C92865C5840046A566 /* PBXContainerItemProxy */ = {
			isa = PBXContainerItemProxy;
			containerPortal = 820C01AA2865C5830046A566 /* Project object */;
			proxyType = 1;
			remoteGlobalIDString = 820C01B12865C5830046A566;
			remoteInfo = EssentialApp;
		};
/* End PBXContainerItemProxy section */

/* Begin PBXCopyFilesBuildPhase section */
		820C01EC2865C76F0046A566 /* Embed Frameworks */ = {
			isa = PBXCopyFilesBuildPhase;
			buildActionMask = 2147483647;
			dstPath = "";
			dstSubfolderSpec = 10;
			files = (
				820C01E92865C76F0046A566 /* EssentialFeed.framework in Embed Frameworks */,
				820C01EB2865C76F0046A566 /* EssentialFeediOS.framework in Embed Frameworks */,
			);
			name = "Embed Frameworks";
			runOnlyForDeploymentPostprocessing = 0;
		};
/* End PBXCopyFilesBuildPhase section */

/* Begin PBXFileReference section */
		820C01B22865C5830046A566 /* EssentialApp.app */ = {isa = PBXFileReference; explicitFileType = wrapper.application; includeInIndex = 0; path = EssentialApp.app; sourceTree = BUILT_PRODUCTS_DIR; };
		820C01B52865C5830046A566 /* AppDelegate.swift */ = {isa = PBXFileReference; lastKnownFileType = sourcecode.swift; path = AppDelegate.swift; sourceTree = "<group>"; };
		820C01B72865C5830046A566 /* SceneDelegate.swift */ = {isa = PBXFileReference; lastKnownFileType = sourcecode.swift; path = SceneDelegate.swift; sourceTree = "<group>"; };
		820C01BC2865C5830046A566 /* Base */ = {isa = PBXFileReference; lastKnownFileType = file.storyboard; name = Base; path = Base.lproj/Main.storyboard; sourceTree = "<group>"; };
		820C01BE2865C5840046A566 /* Assets.xcassets */ = {isa = PBXFileReference; lastKnownFileType = folder.assetcatalog; path = Assets.xcassets; sourceTree = "<group>"; };
		820C01C12865C5840046A566 /* Base */ = {isa = PBXFileReference; lastKnownFileType = file.storyboard; name = Base; path = Base.lproj/LaunchScreen.storyboard; sourceTree = "<group>"; };
		820C01C32865C5840046A566 /* Info.plist */ = {isa = PBXFileReference; lastKnownFileType = text.plist.xml; path = Info.plist; sourceTree = "<group>"; };
		820C01C82865C5840046A566 /* EssentialAppTests.xctest */ = {isa = PBXFileReference; explicitFileType = wrapper.cfbundle; includeInIndex = 0; path = EssentialAppTests.xctest; sourceTree = BUILT_PRODUCTS_DIR; };
		820C01E62865C76F0046A566 /* EssentialFeed.framework */ = {isa = PBXFileReference; explicitFileType = wrapper.framework; path = EssentialFeed.framework; sourceTree = BUILT_PRODUCTS_DIR; };
		820C01E72865C76F0046A566 /* EssentialFeediOS.framework */ = {isa = PBXFileReference; explicitFileType = wrapper.framework; path = EssentialFeediOS.framework; sourceTree = BUILT_PRODUCTS_DIR; };
		820C01ED2868475C0046A566 /* FeedLoaderWithFallbackCompositeTests.swift */ = {isa = PBXFileReference; lastKnownFileType = sourcecode.swift; path = FeedLoaderWithFallbackCompositeTests.swift; sourceTree = "<group>"; };
		820C01F0286854750046A566 /* FeedLoaderWithFallbackComposite.swift */ = {isa = PBXFileReference; lastKnownFileType = sourcecode.swift; path = FeedLoaderWithFallbackComposite.swift; sourceTree = "<group>"; };
		820C01F22868552A0046A566 /* FeedImageDataLoaderWithFallbackCompositeTests.swift */ = {isa = PBXFileReference; lastKnownFileType = sourcecode.swift; path = FeedImageDataLoaderWithFallbackCompositeTests.swift; sourceTree = "<group>"; };
		820C01F4286858500046A566 /* FeedImageDataLoaderWithFallbackComposite.swift */ = {isa = PBXFileReference; lastKnownFileType = sourcecode.swift; path = FeedImageDataLoaderWithFallbackComposite.swift; sourceTree = "<group>"; };
		820C01F728685A9A0046A566 /* XCTestCase+MemoryLeakTracking.swift */ = {isa = PBXFileReference; lastKnownFileType = sourcecode.swift; path = "XCTestCase+MemoryLeakTracking.swift"; sourceTree = "<group>"; };
		820C01F928685AE40046A566 /* SharedTestHelpers.swift */ = {isa = PBXFileReference; lastKnownFileType = sourcecode.swift; path = SharedTestHelpers.swift; sourceTree = "<group>"; };
		820C01FB28687C090046A566 /* FeedLoaderCacheDecoratorTests.swift */ = {isa = PBXFileReference; lastKnownFileType = sourcecode.swift; path = FeedLoaderCacheDecoratorTests.swift; sourceTree = "<group>"; };
		820C01FD28687DD50046A566 /* FeedLoaderStub.swift */ = {isa = PBXFileReference; lastKnownFileType = sourcecode.swift; path = FeedLoaderStub.swift; sourceTree = "<group>"; };
		820C01FF286882650046A566 /* XCTestCase+FeedLoader.swift */ = {isa = PBXFileReference; lastKnownFileType = sourcecode.swift; path = "XCTestCase+FeedLoader.swift"; sourceTree = "<group>"; };
		820C020328688A7F0046A566 /* FeedLoaderCacheDecorator.swift */ = {isa = PBXFileReference; lastKnownFileType = sourcecode.swift; path = FeedLoaderCacheDecorator.swift; sourceTree = "<group>"; };
/* End PBXFileReference section */

/* Begin PBXFrameworksBuildPhase section */
		820C01AF2865C5830046A566 /* Frameworks */ = {
			isa = PBXFrameworksBuildPhase;
			buildActionMask = 2147483647;
			files = (
				820C01E82865C76F0046A566 /* EssentialFeed.framework in Frameworks */,
				820C01EA2865C76F0046A566 /* EssentialFeediOS.framework in Frameworks */,
			);
			runOnlyForDeploymentPostprocessing = 0;
		};
		820C01C52865C5840046A566 /* Frameworks */ = {
			isa = PBXFrameworksBuildPhase;
			buildActionMask = 2147483647;
			files = (
			);
			runOnlyForDeploymentPostprocessing = 0;
		};
/* End PBXFrameworksBuildPhase section */

/* Begin PBXGroup section */
		820C01A92865C5830046A566 = {
			isa = PBXGroup;
			children = (
				820C01B42865C5830046A566 /* EssentialApp */,
				820C01CB2865C5840046A566 /* EssentialAppTests */,
				820C01B32865C5830046A566 /* Products */,
				820C01E52865C76F0046A566 /* Frameworks */,
			);
			sourceTree = "<group>";
		};
		820C01B32865C5830046A566 /* Products */ = {
			isa = PBXGroup;
			children = (
				820C01B22865C5830046A566 /* EssentialApp.app */,
				820C01C82865C5840046A566 /* EssentialAppTests.xctest */,
			);
			name = Products;
			sourceTree = "<group>";
		};
		820C01B42865C5830046A566 /* EssentialApp */ = {
			isa = PBXGroup;
			children = (
				820C01B52865C5830046A566 /* AppDelegate.swift */,
				820C01F4286858500046A566 /* FeedImageDataLoaderWithFallbackComposite.swift */,
				820C020328688A7F0046A566 /* FeedLoaderCacheDecorator.swift */,
				820C01F0286854750046A566 /* FeedLoaderWithFallbackComposite.swift */,
				820C01B72865C5830046A566 /* SceneDelegate.swift */,
				820C01BB2865C5830046A566 /* Main.storyboard */,
				820C01BE2865C5840046A566 /* Assets.xcassets */,
				820C01C02865C5840046A566 /* LaunchScreen.storyboard */,
				820C01C32865C5840046A566 /* Info.plist */,
			);
			path = EssentialApp;
			sourceTree = "<group>";
		};
		820C01CB2865C5840046A566 /* EssentialAppTests */ = {
			isa = PBXGroup;
			children = (
				820C01F628685A830046A566 /* Helpers */,
				820C01F22868552A0046A566 /* FeedImageDataLoaderWithFallbackCompositeTests.swift */,
				820C01FB28687C090046A566 /* FeedLoaderCacheDecoratorTests.swift */,
				820C01ED2868475C0046A566 /* FeedLoaderWithFallbackCompositeTests.swift */,
			);
			path = EssentialAppTests;
			sourceTree = "<group>";
		};
		820C01E52865C76F0046A566 /* Frameworks */ = {
			isa = PBXGroup;
			children = (
				820C01E62865C76F0046A566 /* EssentialFeed.framework */,
				820C01E72865C76F0046A566 /* EssentialFeediOS.framework */,
			);
			name = Frameworks;
			sourceTree = "<group>";
		};
		820C01F628685A830046A566 /* Helpers */ = {
			isa = PBXGroup;
			children = (
				820C01FD28687DD50046A566 /* FeedLoaderStub.swift */,
				820C01F928685AE40046A566 /* SharedTestHelpers.swift */,
				820C01FF286882650046A566 /* XCTestCase+FeedLoader.swift */,
				820C01F728685A9A0046A566 /* XCTestCase+MemoryLeakTracking.swift */,
			);
			path = Helpers;
			sourceTree = "<group>";
		};
/* End PBXGroup section */

/* Begin PBXNativeTarget section */
		820C01B12865C5830046A566 /* EssentialApp */ = {
			isa = PBXNativeTarget;
			buildConfigurationList = 820C01DC2865C5840046A566 /* Build configuration list for PBXNativeTarget "EssentialApp" */;
			buildPhases = (
				820C01EF286848DC0046A566 /* SwiftFormat */,
				820C01AE2865C5830046A566 /* Sources */,
				820C01AF2865C5830046A566 /* Frameworks */,
				820C01B02865C5830046A566 /* Resources */,
				820C01EC2865C76F0046A566 /* Embed Frameworks */,
			);
			buildRules = (
			);
			dependencies = (
			);
			name = EssentialApp;
			productName = EssentialApp;
			productReference = 820C01B22865C5830046A566 /* EssentialApp.app */;
			productType = "com.apple.product-type.application";
		};
		820C01C72865C5840046A566 /* EssentialAppTests */ = {
			isa = PBXNativeTarget;
			buildConfigurationList = 820C01DF2865C5840046A566 /* Build configuration list for PBXNativeTarget "EssentialAppTests" */;
			buildPhases = (
				820C01C42865C5840046A566 /* Sources */,
				820C01C52865C5840046A566 /* Frameworks */,
				820C01C62865C5840046A566 /* Resources */,
			);
			buildRules = (
			);
			dependencies = (
				820C01CA2865C5840046A566 /* PBXTargetDependency */,
			);
			name = EssentialAppTests;
			productName = EssentialAppTests;
			productReference = 820C01C82865C5840046A566 /* EssentialAppTests.xctest */;
			productType = "com.apple.product-type.bundle.unit-test";
		};
/* End PBXNativeTarget section */

/* Begin PBXProject section */
		820C01AA2865C5830046A566 /* Project object */ = {
			isa = PBXProject;
			attributes = {
				BuildIndependentTargetsInParallel = 1;
				LastSwiftUpdateCheck = 1340;
				LastUpgradeCheck = 1340;
				TargetAttributes = {
					820C01B12865C5830046A566 = {
						CreatedOnToolsVersion = 13.4.1;
					};
					820C01C72865C5840046A566 = {
						CreatedOnToolsVersion = 13.4.1;
						LastSwiftMigration = 1340;
						TestTargetID = 820C01B12865C5830046A566;
					};
				};
			};
			buildConfigurationList = 820C01AD2865C5830046A566 /* Build configuration list for PBXProject "EssentialApp" */;
			compatibilityVersion = "Xcode 13.0";
			developmentRegion = en;
			hasScannedForEncodings = 0;
			knownRegions = (
				en,
				Base,
			);
			mainGroup = 820C01A92865C5830046A566;
			productRefGroup = 820C01B32865C5830046A566 /* Products */;
			projectDirPath = "";
			projectRoot = "";
			targets = (
				820C01B12865C5830046A566 /* EssentialApp */,
				820C01C72865C5840046A566 /* EssentialAppTests */,
			);
		};
/* End PBXProject section */

/* Begin PBXResourcesBuildPhase section */
		820C01B02865C5830046A566 /* Resources */ = {
			isa = PBXResourcesBuildPhase;
			buildActionMask = 2147483647;
			files = (
				820C01C22865C5840046A566 /* LaunchScreen.storyboard in Resources */,
				820C01BF2865C5840046A566 /* Assets.xcassets in Resources */,
				820C01BD2865C5830046A566 /* Main.storyboard in Resources */,
			);
			runOnlyForDeploymentPostprocessing = 0;
		};
		820C01C62865C5840046A566 /* Resources */ = {
			isa = PBXResourcesBuildPhase;
			buildActionMask = 2147483647;
			files = (
			);
			runOnlyForDeploymentPostprocessing = 0;
		};
/* End PBXResourcesBuildPhase section */

/* Begin PBXShellScriptBuildPhase section */
		820C01EF286848DC0046A566 /* SwiftFormat */ = {
			isa = PBXShellScriptBuildPhase;
			buildActionMask = 2147483647;
			files = (
			);
			inputFileListPaths = (
			);
			inputPaths = (
			);
			name = SwiftFormat;
			outputFileListPaths = (
			);
			outputPaths = (
			);
			runOnlyForDeploymentPostprocessing = 0;
			shellPath = /bin/sh;
			shellScript = "if [[ $OTHER_SWIFT_FLAGS == *\"-D ED_SKIP_SWIFT_FORMAT\"* ]]; then\n  exit 0;\nfi\n\nBuildTools/SwiftFormat/swiftformat \"$PROJECT_DIR\" --swiftversion 5 --rules indent,linebreaks,trailingSpace,consecutiveBlankLines,blankLinesAtEndOfScope,blankLinesAtStartOfScope,blankLinesBetweenScopes,consecutiveSpaces,duplicateImports,elseOnSameLine,emptyBraces,redundantBreak,redundantInit,redundantLetError,redundantNilInit,redundantType,redundantVoidReturnType,spaceAroundBraces,spaceAroundBrackets,spaceAroundComments,spaceAroundGenerics,spaceAroundOperators,spaceAroundParens,spaceInsideBraces,spaceInsideBrackets,spaceInsideGenerics,spaceInsideParens,void --quiet\n";
		};
/* End PBXShellScriptBuildPhase section */

/* Begin PBXSourcesBuildPhase section */
		820C01AE2865C5830046A566 /* Sources */ = {
			isa = PBXSourcesBuildPhase;
			buildActionMask = 2147483647;
			files = (
				820C01F5286858500046A566 /* FeedImageDataLoaderWithFallbackComposite.swift in Sources */,
				820C01B62865C5830046A566 /* AppDelegate.swift in Sources */,
				820C01F1286854750046A566 /* FeedLoaderWithFallbackComposite.swift in Sources */,
				820C020428688A7F0046A566 /* FeedLoaderCacheDecorator.swift in Sources */,
				820C01B82865C5830046A566 /* SceneDelegate.swift in Sources */,
			);
			runOnlyForDeploymentPostprocessing = 0;
		};
		820C01C42865C5840046A566 /* Sources */ = {
			isa = PBXSourcesBuildPhase;
			buildActionMask = 2147483647;
			files = (
				820C01FA28685AE40046A566 /* SharedTestHelpers.swift in Sources */,
				820C0200286882650046A566 /* XCTestCase+FeedLoader.swift in Sources */,
				820C01FC28687C090046A566 /* FeedLoaderCacheDecoratorTests.swift in Sources */,
				820C01F32868552A0046A566 /* FeedImageDataLoaderWithFallbackCompositeTests.swift in Sources */,
				820C01EE2868475C0046A566 /* FeedLoaderWithFallbackCompositeTests.swift in Sources */,
				820C01FE28687DD50046A566 /* FeedLoaderStub.swift in Sources */,
				820C01F828685A9A0046A566 /* XCTestCase+MemoryLeakTracking.swift in Sources */,
			);
			runOnlyForDeploymentPostprocessing = 0;
		};
/* End PBXSourcesBuildPhase section */

/* Begin PBXTargetDependency section */
		820C01CA2865C5840046A566 /* PBXTargetDependency */ = {
			isa = PBXTargetDependency;
			target = 820C01B12865C5830046A566 /* EssentialApp */;
			targetProxy = 820C01C92865C5840046A566 /* PBXContainerItemProxy */;
		};
/* End PBXTargetDependency section */

/* Begin PBXVariantGroup section */
		820C01BB2865C5830046A566 /* Main.storyboard */ = {
			isa = PBXVariantGroup;
			children = (
				820C01BC2865C5830046A566 /* Base */,
			);
			name = Main.storyboard;
			sourceTree = "<group>";
		};
		820C01C02865C5840046A566 /* LaunchScreen.storyboard */ = {
			isa = PBXVariantGroup;
			children = (
				820C01C12865C5840046A566 /* Base */,
			);
			name = LaunchScreen.storyboard;
			sourceTree = "<group>";
		};
/* End PBXVariantGroup section */

/* Begin XCBuildConfiguration section */
		820C01DA2865C5840046A566 /* Debug */ = {
			isa = XCBuildConfiguration;
			buildSettings = {
				ALWAYS_SEARCH_USER_PATHS = NO;
				CLANG_ANALYZER_NONNULL = YES;
				CLANG_ANALYZER_NUMBER_OBJECT_CONVERSION = YES_AGGRESSIVE;
				CLANG_CXX_LANGUAGE_STANDARD = "gnu++17";
				CLANG_ENABLE_MODULES = YES;
				CLANG_ENABLE_OBJC_ARC = YES;
				CLANG_ENABLE_OBJC_WEAK = YES;
				CLANG_WARN_BLOCK_CAPTURE_AUTORELEASING = YES;
				CLANG_WARN_BOOL_CONVERSION = YES;
				CLANG_WARN_COMMA = YES;
				CLANG_WARN_CONSTANT_CONVERSION = YES;
				CLANG_WARN_DEPRECATED_OBJC_IMPLEMENTATIONS = YES;
				CLANG_WARN_DIRECT_OBJC_ISA_USAGE = YES_ERROR;
				CLANG_WARN_DOCUMENTATION_COMMENTS = YES;
				CLANG_WARN_EMPTY_BODY = YES;
				CLANG_WARN_ENUM_CONVERSION = YES;
				CLANG_WARN_INFINITE_RECURSION = YES;
				CLANG_WARN_INT_CONVERSION = YES;
				CLANG_WARN_NON_LITERAL_NULL_CONVERSION = YES;
				CLANG_WARN_OBJC_IMPLICIT_RETAIN_SELF = YES;
				CLANG_WARN_OBJC_LITERAL_CONVERSION = YES;
				CLANG_WARN_OBJC_ROOT_CLASS = YES_ERROR;
				CLANG_WARN_QUOTED_INCLUDE_IN_FRAMEWORK_HEADER = YES;
				CLANG_WARN_RANGE_LOOP_ANALYSIS = YES;
				CLANG_WARN_STRICT_PROTOTYPES = YES;
				CLANG_WARN_SUSPICIOUS_MOVE = YES;
				CLANG_WARN_UNGUARDED_AVAILABILITY = YES_AGGRESSIVE;
				CLANG_WARN_UNREACHABLE_CODE = YES;
				CLANG_WARN__DUPLICATE_METHOD_MATCH = YES;
				COPY_PHASE_STRIP = NO;
				DEBUG_INFORMATION_FORMAT = dwarf;
				ENABLE_STRICT_OBJC_MSGSEND = YES;
				ENABLE_TESTABILITY = YES;
				GCC_C_LANGUAGE_STANDARD = gnu11;
				GCC_DYNAMIC_NO_PIC = NO;
				GCC_NO_COMMON_BLOCKS = YES;
				GCC_OPTIMIZATION_LEVEL = 0;
				GCC_PREPROCESSOR_DEFINITIONS = (
					"DEBUG=1",
					"$(inherited)",
				);
				GCC_WARN_64_TO_32_BIT_CONVERSION = YES;
				GCC_WARN_ABOUT_RETURN_TYPE = YES_ERROR;
				GCC_WARN_UNDECLARED_SELECTOR = YES;
				GCC_WARN_UNINITIALIZED_AUTOS = YES_AGGRESSIVE;
				GCC_WARN_UNUSED_FUNCTION = YES;
				GCC_WARN_UNUSED_VARIABLE = YES;
				IPHONEOS_DEPLOYMENT_TARGET = 15.5;
				MTL_ENABLE_DEBUG_INFO = INCLUDE_SOURCE;
				MTL_FAST_MATH = YES;
				ONLY_ACTIVE_ARCH = YES;
				SDKROOT = iphoneos;
				SWIFT_ACTIVE_COMPILATION_CONDITIONS = DEBUG;
				SWIFT_OPTIMIZATION_LEVEL = "-Onone";
			};
			name = Debug;
		};
		820C01DB2865C5840046A566 /* Release */ = {
			isa = XCBuildConfiguration;
			buildSettings = {
				ALWAYS_SEARCH_USER_PATHS = NO;
				CLANG_ANALYZER_NONNULL = YES;
				CLANG_ANALYZER_NUMBER_OBJECT_CONVERSION = YES_AGGRESSIVE;
				CLANG_CXX_LANGUAGE_STANDARD = "gnu++17";
				CLANG_ENABLE_MODULES = YES;
				CLANG_ENABLE_OBJC_ARC = YES;
				CLANG_ENABLE_OBJC_WEAK = YES;
				CLANG_WARN_BLOCK_CAPTURE_AUTORELEASING = YES;
				CLANG_WARN_BOOL_CONVERSION = YES;
				CLANG_WARN_COMMA = YES;
				CLANG_WARN_CONSTANT_CONVERSION = YES;
				CLANG_WARN_DEPRECATED_OBJC_IMPLEMENTATIONS = YES;
				CLANG_WARN_DIRECT_OBJC_ISA_USAGE = YES_ERROR;
				CLANG_WARN_DOCUMENTATION_COMMENTS = YES;
				CLANG_WARN_EMPTY_BODY = YES;
				CLANG_WARN_ENUM_CONVERSION = YES;
				CLANG_WARN_INFINITE_RECURSION = YES;
				CLANG_WARN_INT_CONVERSION = YES;
				CLANG_WARN_NON_LITERAL_NULL_CONVERSION = YES;
				CLANG_WARN_OBJC_IMPLICIT_RETAIN_SELF = YES;
				CLANG_WARN_OBJC_LITERAL_CONVERSION = YES;
				CLANG_WARN_OBJC_ROOT_CLASS = YES_ERROR;
				CLANG_WARN_QUOTED_INCLUDE_IN_FRAMEWORK_HEADER = YES;
				CLANG_WARN_RANGE_LOOP_ANALYSIS = YES;
				CLANG_WARN_STRICT_PROTOTYPES = YES;
				CLANG_WARN_SUSPICIOUS_MOVE = YES;
				CLANG_WARN_UNGUARDED_AVAILABILITY = YES_AGGRESSIVE;
				CLANG_WARN_UNREACHABLE_CODE = YES;
				CLANG_WARN__DUPLICATE_METHOD_MATCH = YES;
				COPY_PHASE_STRIP = NO;
				DEBUG_INFORMATION_FORMAT = "dwarf-with-dsym";
				ENABLE_NS_ASSERTIONS = NO;
				ENABLE_STRICT_OBJC_MSGSEND = YES;
				GCC_C_LANGUAGE_STANDARD = gnu11;
				GCC_NO_COMMON_BLOCKS = YES;
				GCC_WARN_64_TO_32_BIT_CONVERSION = YES;
				GCC_WARN_ABOUT_RETURN_TYPE = YES_ERROR;
				GCC_WARN_UNDECLARED_SELECTOR = YES;
				GCC_WARN_UNINITIALIZED_AUTOS = YES_AGGRESSIVE;
				GCC_WARN_UNUSED_FUNCTION = YES;
				GCC_WARN_UNUSED_VARIABLE = YES;
				IPHONEOS_DEPLOYMENT_TARGET = 15.5;
				MTL_ENABLE_DEBUG_INFO = NO;
				MTL_FAST_MATH = YES;
				SDKROOT = iphoneos;
				SWIFT_COMPILATION_MODE = wholemodule;
				SWIFT_OPTIMIZATION_LEVEL = "-O";
				VALIDATE_PRODUCT = YES;
			};
			name = Release;
		};
		820C01DD2865C5840046A566 /* Debug */ = {
			isa = XCBuildConfiguration;
			buildSettings = {
				ASSETCATALOG_COMPILER_APPICON_NAME = AppIcon;
				ASSETCATALOG_COMPILER_GLOBAL_ACCENT_COLOR_NAME = AccentColor;
				CODE_SIGN_STYLE = Automatic;
				CURRENT_PROJECT_VERSION = 1;
				DEVELOPMENT_TEAM = B9F9P95LAY;
				GENERATE_INFOPLIST_FILE = YES;
				INFOPLIST_FILE = EssentialApp/Info.plist;
				INFOPLIST_KEY_UIApplicationSupportsIndirectInputEvents = YES;
				INFOPLIST_KEY_UILaunchStoryboardName = LaunchScreen;
				INFOPLIST_KEY_UIMainStoryboardFile = Main;
				INFOPLIST_KEY_UISupportedInterfaceOrientations = UIInterfaceOrientationPortrait;
				INFOPLIST_KEY_UISupportedInterfaceOrientations_iPad = "UIInterfaceOrientationPortrait UIInterfaceOrientationPortraitUpsideDown UIInterfaceOrientationLandscapeLeft UIInterfaceOrientationLandscapeRight";
				INFOPLIST_KEY_UISupportedInterfaceOrientations_iPhone = "UIInterfaceOrientationPortrait UIInterfaceOrientationLandscapeLeft UIInterfaceOrientationLandscapeRight";
				LD_RUNPATH_SEARCH_PATHS = (
					"$(inherited)",
					"@executable_path/Frameworks",
				);
				MARKETING_VERSION = 1.0;
				PRODUCT_BUNDLE_IDENTIFIER = com.aelptos.EssentialApp;
				PRODUCT_NAME = "$(TARGET_NAME)";
				SWIFT_EMIT_LOC_STRINGS = YES;
				SWIFT_VERSION = 5.0;
				TARGETED_DEVICE_FAMILY = "1,2";
			};
			name = Debug;
		};
		820C01DE2865C5840046A566 /* Release */ = {
			isa = XCBuildConfiguration;
			buildSettings = {
				ASSETCATALOG_COMPILER_APPICON_NAME = AppIcon;
				ASSETCATALOG_COMPILER_GLOBAL_ACCENT_COLOR_NAME = AccentColor;
				CODE_SIGN_STYLE = Automatic;
				CURRENT_PROJECT_VERSION = 1;
				DEVELOPMENT_TEAM = B9F9P95LAY;
				GENERATE_INFOPLIST_FILE = YES;
				INFOPLIST_FILE = EssentialApp/Info.plist;
				INFOPLIST_KEY_UIApplicationSupportsIndirectInputEvents = YES;
				INFOPLIST_KEY_UILaunchStoryboardName = LaunchScreen;
				INFOPLIST_KEY_UIMainStoryboardFile = Main;
				INFOPLIST_KEY_UISupportedInterfaceOrientations = UIInterfaceOrientationPortrait;
				INFOPLIST_KEY_UISupportedInterfaceOrientations_iPad = "UIInterfaceOrientationPortrait UIInterfaceOrientationPortraitUpsideDown UIInterfaceOrientationLandscapeLeft UIInterfaceOrientationLandscapeRight";
				INFOPLIST_KEY_UISupportedInterfaceOrientations_iPhone = "UIInterfaceOrientationPortrait UIInterfaceOrientationLandscapeLeft UIInterfaceOrientationLandscapeRight";
				LD_RUNPATH_SEARCH_PATHS = (
					"$(inherited)",
					"@executable_path/Frameworks",
				);
				MARKETING_VERSION = 1.0;
				PRODUCT_BUNDLE_IDENTIFIER = com.aelptos.EssentialApp;
				PRODUCT_NAME = "$(TARGET_NAME)";
				SWIFT_EMIT_LOC_STRINGS = YES;
				SWIFT_VERSION = 5.0;
				TARGETED_DEVICE_FAMILY = "1,2";
			};
			name = Release;
		};
		820C01E02865C5840046A566 /* Debug */ = {
			isa = XCBuildConfiguration;
			buildSettings = {
				ALWAYS_EMBED_SWIFT_STANDARD_LIBRARIES = YES;
				BUNDLE_LOADER = "$(TEST_HOST)";
				CLANG_ENABLE_MODULES = YES;
				CODE_SIGN_STYLE = Automatic;
				CURRENT_PROJECT_VERSION = 1;
				DEVELOPMENT_TEAM = B9F9P95LAY;
				GENERATE_INFOPLIST_FILE = YES;
				IPHONEOS_DEPLOYMENT_TARGET = 15.5;
				LD_RUNPATH_SEARCH_PATHS = (
					"$(inherited)",
					"@executable_path/Frameworks",
					"@loader_path/Frameworks",
				);
				MARKETING_VERSION = 1.0;
				PRODUCT_BUNDLE_IDENTIFIER = com.aelptos.EssentialAppTests;
				PRODUCT_NAME = "$(TARGET_NAME)";
				SWIFT_EMIT_LOC_STRINGS = NO;
				SWIFT_OPTIMIZATION_LEVEL = "-Onone";
				SWIFT_VERSION = 5.0;
				TARGETED_DEVICE_FAMILY = "1,2";
				TEST_HOST = "$(BUILT_PRODUCTS_DIR)/EssentialApp.app/EssentialApp";
			};
			name = Debug;
		};
		820C01E12865C5840046A566 /* Release */ = {
			isa = XCBuildConfiguration;
			buildSettings = {
				ALWAYS_EMBED_SWIFT_STANDARD_LIBRARIES = YES;
				BUNDLE_LOADER = "$(TEST_HOST)";
				CLANG_ENABLE_MODULES = YES;
				CODE_SIGN_STYLE = Automatic;
				CURRENT_PROJECT_VERSION = 1;
				DEVELOPMENT_TEAM = B9F9P95LAY;
				GENERATE_INFOPLIST_FILE = YES;
				IPHONEOS_DEPLOYMENT_TARGET = 15.5;
				LD_RUNPATH_SEARCH_PATHS = (
					"$(inherited)",
					"@executable_path/Frameworks",
					"@loader_path/Frameworks",
				);
				MARKETING_VERSION = 1.0;
				PRODUCT_BUNDLE_IDENTIFIER = com.aelptos.EssentialAppTests;
				PRODUCT_NAME = "$(TARGET_NAME)";
				SWIFT_EMIT_LOC_STRINGS = NO;
				SWIFT_VERSION = 5.0;
				TARGETED_DEVICE_FAMILY = "1,2";
				TEST_HOST = "$(BUILT_PRODUCTS_DIR)/EssentialApp.app/EssentialApp";
			};
			name = Release;
		};
/* End XCBuildConfiguration section */

/* Begin XCConfigurationList section */
		820C01AD2865C5830046A566 /* Build configuration list for PBXProject "EssentialApp" */ = {
			isa = XCConfigurationList;
			buildConfigurations = (
				820C01DA2865C5840046A566 /* Debug */,
				820C01DB2865C5840046A566 /* Release */,
			);
			defaultConfigurationIsVisible = 0;
			defaultConfigurationName = Release;
		};
		820C01DC2865C5840046A566 /* Build configuration list for PBXNativeTarget "EssentialApp" */ = {
			isa = XCConfigurationList;
			buildConfigurations = (
				820C01DD2865C5840046A566 /* Debug */,
				820C01DE2865C5840046A566 /* Release */,
			);
			defaultConfigurationIsVisible = 0;
			defaultConfigurationName = Release;
		};
		820C01DF2865C5840046A566 /* Build configuration list for PBXNativeTarget "EssentialAppTests" */ = {
			isa = XCConfigurationList;
			buildConfigurations = (
				820C01E02865C5840046A566 /* Debug */,
				820C01E12865C5840046A566 /* Release */,
			);
			defaultConfigurationIsVisible = 0;
			defaultConfigurationName = Release;
		};
/* End XCConfigurationList section */
	};
	rootObject = 820C01AA2865C5830046A566 /* Project object */;
}
