// !$*UTF8*$!
{
	archiveVersion = 1;
	classes = {
	};
	objectVersion = 52;
	objects = {

/* Begin PBXBuildFile section */
		0A26BED1282EBDF1002EFE15 /* EssentialFeediOS.framework in Frameworks */ = {isa = PBXBuildFile; fileRef = 0A26BEC9282EBDF1002EFE15 /* EssentialFeediOS.framework */; };
		0A26BEDF282EC535002EFE15 /* FeedViewControllerTests.swift in Sources */ = {isa = PBXBuildFile; fileRef = 0A26BEDE282EC535002EFE15 /* FeedViewControllerTests.swift */; };
		0A26BEE1282EC930002EFE15 /* EssentialFeed.framework in Frameworks */ = {isa = PBXBuildFile; fileRef = C96F7C4B265FEEF4003B6B2B /* EssentialFeed.framework */; platformFilter = ios; };
		0A26BEE2282EC930002EFE15 /* EssentialFeed.framework in Embed Frameworks */ = {isa = PBXBuildFile; fileRef = C96F7C4B265FEEF4003B6B2B /* EssentialFeed.framework */; platformFilter = ios; settings = {ATTRIBUTES = (CodeSignOnCopy, RemoveHeadersOnCopy, ); }; };
		0A26BEE6282ECA0D002EFE15 /* XCTestCase+MemoryLeakTracking.swift in Sources */ = {isa = PBXBuildFile; fileRef = 0AE6686626982E3700F988E4 /* XCTestCase+MemoryLeakTracking.swift */; };
		0A26BEE8282ED1AE002EFE15 /* FeedViewController.swift in Sources */ = {isa = PBXBuildFile; fileRef = 0A26BEE7282ED1AE002EFE15 /* FeedViewController.swift */; };
		0A26BEEA282ED753002EFE15 /* FeedImageCell.swift in Sources */ = {isa = PBXBuildFile; fileRef = 0A26BEE9282ED753002EFE15 /* FeedImageCell.swift */; };
		0A26BEEC2830F93B002EFE15 /* UIView+Shimmering.swift in Sources */ = {isa = PBXBuildFile; fileRef = 0A26BEEB2830F93B002EFE15 /* UIView+Shimmering.swift */; };
		0A26BEF8283104C9002EFE15 /* UIImage+TestHelpers.swift in Sources */ = {isa = PBXBuildFile; fileRef = 0A26BEF7283104C9002EFE15 /* UIImage+TestHelpers.swift */; };
		0A26BEFA28310563002EFE15 /* UIRefreshControl+TestHelpers.swift in Sources */ = {isa = PBXBuildFile; fileRef = 0A26BEF928310563002EFE15 /* UIRefreshControl+TestHelpers.swift */; };
		0A26BEFC283105B7002EFE15 /* UIButton+TestHelpers.swift in Sources */ = {isa = PBXBuildFile; fileRef = 0A26BEFB283105B7002EFE15 /* UIButton+TestHelpers.swift */; };
		0A26BEFE2831060C002EFE15 /* UIControl+TestHelpers.swift in Sources */ = {isa = PBXBuildFile; fileRef = 0A26BEFD2831060C002EFE15 /* UIControl+TestHelpers.swift */; };
		0A26BF0428310735002EFE15 /* FeedViewController+TestHelpers.swift in Sources */ = {isa = PBXBuildFile; fileRef = 0A26BF0328310735002EFE15 /* FeedViewController+TestHelpers.swift */; };
		0A4EB833282785A90093F317 /* FeedStoreSpecs.swift in Sources */ = {isa = PBXBuildFile; fileRef = 0A4EB832282785A90093F317 /* FeedStoreSpecs.swift */; };
		0A4EB8352827869F0093F317 /* XCTestCase+FeedStoreSpecs.swift in Sources */ = {isa = PBXBuildFile; fileRef = 0A4EB8342827869F0093F317 /* XCTestCase+FeedStoreSpecs.swift */; };
		0A4EB83728278B530093F317 /* XCTestCase+FailableRetrieveFeedStoreSpecs.swift in Sources */ = {isa = PBXBuildFile; fileRef = 0A4EB83628278B530093F317 /* XCTestCase+FailableRetrieveFeedStoreSpecs.swift */; };
		0A4EB83928278BD20093F317 /* XCTestCase+FailableInsertFeedStoreSpecs.swift in Sources */ = {isa = PBXBuildFile; fileRef = 0A4EB83828278BD20093F317 /* XCTestCase+FailableInsertFeedStoreSpecs.swift */; };
		0A4EB83C28278C5C0093F317 /* XCTestCase+FailableDeleteFeedStoreSpecs.swift in Sources */ = {isa = PBXBuildFile; fileRef = 0A4EB83B28278C5C0093F317 /* XCTestCase+FailableDeleteFeedStoreSpecs.swift */; };
		0A4EB84228278F510093F317 /* CoreDataFeedStore.swift in Sources */ = {isa = PBXBuildFile; fileRef = 0A4EB84128278F510093F317 /* CoreDataFeedStore.swift */; };
		0A4EB84428278F7B0093F317 /* CoreDataHelpers.swift in Sources */ = {isa = PBXBuildFile; fileRef = 0A4EB84328278F7B0093F317 /* CoreDataHelpers.swift */; };
		0A4EB84628278FB60093F317 /* ManagedCache.swift in Sources */ = {isa = PBXBuildFile; fileRef = 0A4EB84528278FB60093F317 /* ManagedCache.swift */; };
		0A4EB84828278FEA0093F317 /* ManagedFeedImage.swift in Sources */ = {isa = PBXBuildFile; fileRef = 0A4EB84728278FEA0093F317 /* ManagedFeedImage.swift */; };
		0A4EB84B2827906A0093F317 /* FeedStore.xcdatamodeld in Sources */ = {isa = PBXBuildFile; fileRef = 0A4EB8492827906A0093F317 /* FeedStore.xcdatamodeld */; };
		0A4EB84D282791900093F317 /* CoreDataFeedStoreTests.swift in Sources */ = {isa = PBXBuildFile; fileRef = 0A4EB84C282791900093F317 /* CoreDataFeedStoreTests.swift */; };
		0A4EB855282798220093F317 /* EssentialFeedCacheIntegrationTests.swift in Sources */ = {isa = PBXBuildFile; fileRef = 0A4EB854282798220093F317 /* EssentialFeedCacheIntegrationTests.swift */; };
		0A4EB856282798220093F317 /* EssentialFeed.framework in Frameworks */ = {isa = PBXBuildFile; fileRef = C96F7C4B265FEEF4003B6B2B /* EssentialFeed.framework */; };
		0A4EB85C28279AE70093F317 /* XCTestCase+MemoryLeakTracking.swift in Sources */ = {isa = PBXBuildFile; fileRef = 0AE6686626982E3700F988E4 /* XCTestCase+MemoryLeakTracking.swift */; };
		0A4EB85D28279CE20093F317 /* FeedCacheTestHelpers.swift in Sources */ = {isa = PBXBuildFile; fileRef = 0A7165FE279F06C200C41C10 /* FeedCacheTestHelpers.swift */; };
		0A4EB85E28279D080093F317 /* SharedTestHelpers.swift in Sources */ = {isa = PBXBuildFile; fileRef = 0A716600279F076400C41C10 /* SharedTestHelpers.swift */; };
		0A5450C8279DBE50000AC44B /* CacheFeedUseCaseTests.swift in Sources */ = {isa = PBXBuildFile; fileRef = 0A5450C7279DBE50000AC44B /* CacheFeedUseCaseTests.swift */; };
		0A5450CB279DF0BE000AC44B /* LocalFeedLoader.swift in Sources */ = {isa = PBXBuildFile; fileRef = 0A5450CA279DF0BE000AC44B /* LocalFeedLoader.swift */; };
		0A5450CD279DF137000AC44B /* FeedStore.swift in Sources */ = {isa = PBXBuildFile; fileRef = 0A5450CC279DF137000AC44B /* FeedStore.swift */; };
		0A7165F4279ED4E200C41C10 /* RemoteFeedItem.swift in Sources */ = {isa = PBXBuildFile; fileRef = 0A7165F3279ED4E200C41C10 /* RemoteFeedItem.swift */; };
		0A7165F6279ED54700C41C10 /* LocalFeedImage.swift in Sources */ = {isa = PBXBuildFile; fileRef = 0A7165F5279ED54700C41C10 /* LocalFeedImage.swift */; };
		0A7165F8279ED99B00C41C10 /* LoadFeedFromCacheUseCaseTests.swift in Sources */ = {isa = PBXBuildFile; fileRef = 0A7165F7279ED99A00C41C10 /* LoadFeedFromCacheUseCaseTests.swift */; };
		0A7165FB279EDB7000C41C10 /* FeedStoreSpy.swift in Sources */ = {isa = PBXBuildFile; fileRef = 0A7165FA279EDB7000C41C10 /* FeedStoreSpy.swift */; };
		0A7165FD279F022000C41C10 /* ValidateFeedCacheUseCaseTests.swift in Sources */ = {isa = PBXBuildFile; fileRef = 0A7165FC279F022000C41C10 /* ValidateFeedCacheUseCaseTests.swift */; };
		0A7165FF279F06C200C41C10 /* FeedCacheTestHelpers.swift in Sources */ = {isa = PBXBuildFile; fileRef = 0A7165FE279F06C200C41C10 /* FeedCacheTestHelpers.swift */; };
		0A716601279F076400C41C10 /* SharedTestHelpers.swift in Sources */ = {isa = PBXBuildFile; fileRef = 0A716600279F076400C41C10 /* SharedTestHelpers.swift */; };
		0A82D453281C33FE0028F83D /* FeedCachePolicy.swift in Sources */ = {isa = PBXBuildFile; fileRef = 0A82D452281C33FE0028F83D /* FeedCachePolicy.swift */; };
		0ADAFEDB2691EE53003458AC /* HTTPClient.swift in Sources */ = {isa = PBXBuildFile; fileRef = 0ADAFEDA2691EE53003458AC /* HTTPClient.swift */; };
		0ADAFEDF2691EEE5003458AC /* FeedItemsMapper.swift in Sources */ = {isa = PBXBuildFile; fileRef = 0ADAFEDE2691EEE5003458AC /* FeedItemsMapper.swift */; };
		0ADAFEE22692055F003458AC /* URLSessionHTTPClientTests.swift in Sources */ = {isa = PBXBuildFile; fileRef = 0ADAFEE12692055F003458AC /* URLSessionHTTPClientTests.swift */; };
		0AE6686726982E3700F988E4 /* XCTestCase+MemoryLeakTracking.swift in Sources */ = {isa = PBXBuildFile; fileRef = 0AE6686626982E3700F988E4 /* XCTestCase+MemoryLeakTracking.swift */; };
		0AE668692698498000F988E4 /* URLSessionHTTPClient.swift in Sources */ = {isa = PBXBuildFile; fileRef = 0AE668682698498000F988E4 /* URLSessionHTTPClient.swift */; };
		0AE668712698887D00F988E4 /* EssentialFeedAPIEndToEndTests.swift in Sources */ = {isa = PBXBuildFile; fileRef = 0AE668702698887D00F988E4 /* EssentialFeedAPIEndToEndTests.swift */; };
		0AE668732698887D00F988E4 /* EssentialFeed.framework in Frameworks */ = {isa = PBXBuildFile; fileRef = C96F7C4B265FEEF4003B6B2B /* EssentialFeed.framework */; };
		0AE668792698955600F988E4 /* XCTestCase+MemoryLeakTracking.swift in Sources */ = {isa = PBXBuildFile; fileRef = 0AE6686626982E3700F988E4 /* XCTestCase+MemoryLeakTracking.swift */; };
		C96F7C55265FEEF4003B6B2B /* EssentialFeed.framework in Frameworks */ = {isa = PBXBuildFile; fileRef = C96F7C4B265FEEF4003B6B2B /* EssentialFeed.framework */; };
		C96F7C5A265FEEF4003B6B2B /* LoadFeedFromRemoteUseCaseTests.swift in Sources */ = {isa = PBXBuildFile; fileRef = C96F7C59265FEEF4003B6B2B /* LoadFeedFromRemoteUseCaseTests.swift */; };
		C96F7C5C265FEEF4003B6B2B /* EssentialFeed.h in Headers */ = {isa = PBXBuildFile; fileRef = C96F7C4E265FEEF4003B6B2B /* EssentialFeed.h */; settings = {ATTRIBUTES = (Public, ); }; };
		C96F7C68265FEF1C003B6B2B /* FeedImage.swift in Sources */ = {isa = PBXBuildFile; fileRef = C96F7C67265FEF1C003B6B2B /* FeedImage.swift */; };
		C96F7C6C265FEFEC003B6B2B /* FeedLoader.swift in Sources */ = {isa = PBXBuildFile; fileRef = C96F7C6B265FEFEC003B6B2B /* FeedLoader.swift */; };
		C96F7C76265FFF40003B6B2B /* RemoteFeedLoader.swift in Sources */ = {isa = PBXBuildFile; fileRef = C96F7C75265FFF40003B6B2B /* RemoteFeedLoader.swift */; };
/* End PBXBuildFile section */

/* Begin PBXContainerItemProxy section */
		0A26BED2282EBDF1002EFE15 /* PBXContainerItemProxy */ = {
			isa = PBXContainerItemProxy;
			containerPortal = C96F7C42265FEEF4003B6B2B /* Project object */;
			proxyType = 1;
			remoteGlobalIDString = 0A26BEC8282EBDF1002EFE15;
			remoteInfo = EssentialFeediOS;
		};
		0A26BEE3282EC930002EFE15 /* PBXContainerItemProxy */ = {
			isa = PBXContainerItemProxy;
			containerPortal = C96F7C42265FEEF4003B6B2B /* Project object */;
			proxyType = 1;
			remoteGlobalIDString = C96F7C4A265FEEF4003B6B2B;
			remoteInfo = EssentialFeed;
		};
		0A4EB857282798220093F317 /* PBXContainerItemProxy */ = {
			isa = PBXContainerItemProxy;
			containerPortal = C96F7C42265FEEF4003B6B2B /* Project object */;
			proxyType = 1;
			remoteGlobalIDString = C96F7C4A265FEEF4003B6B2B;
			remoteInfo = EssentialFeed;
		};
		0AE668742698887D00F988E4 /* PBXContainerItemProxy */ = {
			isa = PBXContainerItemProxy;
			containerPortal = C96F7C42265FEEF4003B6B2B /* Project object */;
			proxyType = 1;
			remoteGlobalIDString = C96F7C4A265FEEF4003B6B2B;
			remoteInfo = EssentialFeed;
		};
		C96F7C56265FEEF4003B6B2B /* PBXContainerItemProxy */ = {
			isa = PBXContainerItemProxy;
			containerPortal = C96F7C42265FEEF4003B6B2B /* Project object */;
			proxyType = 1;
			remoteGlobalIDString = C96F7C4A265FEEF4003B6B2B;
			remoteInfo = EssentialFeed;
		};
/* End PBXContainerItemProxy section */

/* Begin PBXCopyFilesBuildPhase section */
		0A26BEE5282EC930002EFE15 /* Embed Frameworks */ = {
			isa = PBXCopyFilesBuildPhase;
			buildActionMask = 2147483647;
			dstPath = "";
			dstSubfolderSpec = 10;
			files = (
				0A26BEE2282EC930002EFE15 /* EssentialFeed.framework in Embed Frameworks */,
			);
			name = "Embed Frameworks";
			runOnlyForDeploymentPostprocessing = 0;
		};
/* End PBXCopyFilesBuildPhase section */

/* Begin PBXFileReference section */
		0A26BEC9282EBDF1002EFE15 /* EssentialFeediOS.framework */ = {isa = PBXFileReference; explicitFileType = wrapper.framework; includeInIndex = 0; path = EssentialFeediOS.framework; sourceTree = BUILT_PRODUCTS_DIR; };
		0A26BED0282EBDF1002EFE15 /* EssentialFeediOSTests.xctest */ = {isa = PBXFileReference; explicitFileType = wrapper.cfbundle; includeInIndex = 0; path = EssentialFeediOSTests.xctest; sourceTree = BUILT_PRODUCTS_DIR; };
		0A26BEDE282EC535002EFE15 /* FeedViewControllerTests.swift */ = {isa = PBXFileReference; lastKnownFileType = sourcecode.swift; path = FeedViewControllerTests.swift; sourceTree = "<group>"; };
		0A26BEE7282ED1AE002EFE15 /* FeedViewController.swift */ = {isa = PBXFileReference; lastKnownFileType = sourcecode.swift; path = FeedViewController.swift; sourceTree = "<group>"; };
		0A26BEE9282ED753002EFE15 /* FeedImageCell.swift */ = {isa = PBXFileReference; lastKnownFileType = sourcecode.swift; path = FeedImageCell.swift; sourceTree = "<group>"; };
		0A26BEEB2830F93B002EFE15 /* UIView+Shimmering.swift */ = {isa = PBXFileReference; lastKnownFileType = sourcecode.swift; path = "UIView+Shimmering.swift"; sourceTree = "<group>"; };
		0A26BEF7283104C9002EFE15 /* UIImage+TestHelpers.swift */ = {isa = PBXFileReference; lastKnownFileType = sourcecode.swift; path = "UIImage+TestHelpers.swift"; sourceTree = "<group>"; };
		0A26BEF928310563002EFE15 /* UIRefreshControl+TestHelpers.swift */ = {isa = PBXFileReference; lastKnownFileType = sourcecode.swift; path = "UIRefreshControl+TestHelpers.swift"; sourceTree = "<group>"; };
		0A26BEFB283105B7002EFE15 /* UIButton+TestHelpers.swift */ = {isa = PBXFileReference; lastKnownFileType = sourcecode.swift; path = "UIButton+TestHelpers.swift"; sourceTree = "<group>"; };
		0A26BEFD2831060C002EFE15 /* UIControl+TestHelpers.swift */ = {isa = PBXFileReference; lastKnownFileType = sourcecode.swift; path = "UIControl+TestHelpers.swift"; sourceTree = "<group>"; };
		0A26BF0328310735002EFE15 /* FeedViewController+TestHelpers.swift */ = {isa = PBXFileReference; lastKnownFileType = sourcecode.swift; path = "FeedViewController+TestHelpers.swift"; sourceTree = "<group>"; };
		0A4EB832282785A90093F317 /* FeedStoreSpecs.swift */ = {isa = PBXFileReference; lastKnownFileType = sourcecode.swift; path = FeedStoreSpecs.swift; sourceTree = "<group>"; };
		0A4EB8342827869F0093F317 /* XCTestCase+FeedStoreSpecs.swift */ = {isa = PBXFileReference; lastKnownFileType = sourcecode.swift; path = "XCTestCase+FeedStoreSpecs.swift"; sourceTree = "<group>"; };
		0A4EB83628278B530093F317 /* XCTestCase+FailableRetrieveFeedStoreSpecs.swift */ = {isa = PBXFileReference; lastKnownFileType = sourcecode.swift; path = "XCTestCase+FailableRetrieveFeedStoreSpecs.swift"; sourceTree = "<group>"; };
		0A4EB83828278BD20093F317 /* XCTestCase+FailableInsertFeedStoreSpecs.swift */ = {isa = PBXFileReference; lastKnownFileType = sourcecode.swift; path = "XCTestCase+FailableInsertFeedStoreSpecs.swift"; sourceTree = "<group>"; };
		0A4EB83B28278C5C0093F317 /* XCTestCase+FailableDeleteFeedStoreSpecs.swift */ = {isa = PBXFileReference; lastKnownFileType = sourcecode.swift; path = "XCTestCase+FailableDeleteFeedStoreSpecs.swift"; sourceTree = "<group>"; };
		0A4EB84128278F510093F317 /* CoreDataFeedStore.swift */ = {isa = PBXFileReference; lastKnownFileType = sourcecode.swift; path = CoreDataFeedStore.swift; sourceTree = "<group>"; };
		0A4EB84328278F7B0093F317 /* CoreDataHelpers.swift */ = {isa = PBXFileReference; lastKnownFileType = sourcecode.swift; path = CoreDataHelpers.swift; sourceTree = "<group>"; };
		0A4EB84528278FB60093F317 /* ManagedCache.swift */ = {isa = PBXFileReference; lastKnownFileType = sourcecode.swift; path = ManagedCache.swift; sourceTree = "<group>"; };
		0A4EB84728278FEA0093F317 /* ManagedFeedImage.swift */ = {isa = PBXFileReference; lastKnownFileType = sourcecode.swift; path = ManagedFeedImage.swift; sourceTree = "<group>"; };
		0A4EB84A2827906A0093F317 /* FeedStore.xcdatamodel */ = {isa = PBXFileReference; lastKnownFileType = wrapper.xcdatamodel; path = FeedStore.xcdatamodel; sourceTree = "<group>"; };
		0A4EB84C282791900093F317 /* CoreDataFeedStoreTests.swift */ = {isa = PBXFileReference; lastKnownFileType = sourcecode.swift; path = CoreDataFeedStoreTests.swift; sourceTree = "<group>"; };
		0A4EB852282798220093F317 /* EssentialFeedCacheIntegrationTests.xctest */ = {isa = PBXFileReference; explicitFileType = wrapper.cfbundle; includeInIndex = 0; path = EssentialFeedCacheIntegrationTests.xctest; sourceTree = BUILT_PRODUCTS_DIR; };
		0A4EB854282798220093F317 /* EssentialFeedCacheIntegrationTests.swift */ = {isa = PBXFileReference; lastKnownFileType = sourcecode.swift; path = EssentialFeedCacheIntegrationTests.swift; sourceTree = "<group>"; };
		0A5450C7279DBE50000AC44B /* CacheFeedUseCaseTests.swift */ = {isa = PBXFileReference; lastKnownFileType = sourcecode.swift; path = CacheFeedUseCaseTests.swift; sourceTree = "<group>"; };
		0A5450CA279DF0BE000AC44B /* LocalFeedLoader.swift */ = {isa = PBXFileReference; lastKnownFileType = sourcecode.swift; path = LocalFeedLoader.swift; sourceTree = "<group>"; };
		0A5450CC279DF137000AC44B /* FeedStore.swift */ = {isa = PBXFileReference; lastKnownFileType = sourcecode.swift; path = FeedStore.swift; sourceTree = "<group>"; };
		0A7165F3279ED4E200C41C10 /* RemoteFeedItem.swift */ = {isa = PBXFileReference; lastKnownFileType = sourcecode.swift; path = RemoteFeedItem.swift; sourceTree = "<group>"; };
		0A7165F5279ED54700C41C10 /* LocalFeedImage.swift */ = {isa = PBXFileReference; lastKnownFileType = sourcecode.swift; path = LocalFeedImage.swift; sourceTree = "<group>"; };
		0A7165F7279ED99A00C41C10 /* LoadFeedFromCacheUseCaseTests.swift */ = {isa = PBXFileReference; lastKnownFileType = sourcecode.swift; path = LoadFeedFromCacheUseCaseTests.swift; sourceTree = "<group>"; };
		0A7165FA279EDB7000C41C10 /* FeedStoreSpy.swift */ = {isa = PBXFileReference; lastKnownFileType = sourcecode.swift; path = FeedStoreSpy.swift; sourceTree = "<group>"; };
		0A7165FC279F022000C41C10 /* ValidateFeedCacheUseCaseTests.swift */ = {isa = PBXFileReference; lastKnownFileType = sourcecode.swift; path = ValidateFeedCacheUseCaseTests.swift; sourceTree = "<group>"; };
		0A7165FE279F06C200C41C10 /* FeedCacheTestHelpers.swift */ = {isa = PBXFileReference; lastKnownFileType = sourcecode.swift; path = FeedCacheTestHelpers.swift; sourceTree = "<group>"; };
		0A716600279F076400C41C10 /* SharedTestHelpers.swift */ = {isa = PBXFileReference; lastKnownFileType = sourcecode.swift; path = SharedTestHelpers.swift; sourceTree = "<group>"; };
		0A74ACE5282905200019D59F /* README.md */ = {isa = PBXFileReference; lastKnownFileType = net.daringfireball.markdown; path = README.md; sourceTree = "<group>"; };
		0A82D452281C33FE0028F83D /* FeedCachePolicy.swift */ = {isa = PBXFileReference; lastKnownFileType = sourcecode.swift; path = FeedCachePolicy.swift; sourceTree = "<group>"; };
		0ADAFEDA2691EE53003458AC /* HTTPClient.swift */ = {isa = PBXFileReference; lastKnownFileType = sourcecode.swift; path = HTTPClient.swift; sourceTree = "<group>"; };
		0ADAFEDE2691EEE5003458AC /* FeedItemsMapper.swift */ = {isa = PBXFileReference; lastKnownFileType = sourcecode.swift; path = FeedItemsMapper.swift; sourceTree = "<group>"; };
		0ADAFEE12692055F003458AC /* URLSessionHTTPClientTests.swift */ = {isa = PBXFileReference; lastKnownFileType = sourcecode.swift; path = URLSessionHTTPClientTests.swift; sourceTree = "<group>"; };
		0AE6686626982E3700F988E4 /* XCTestCase+MemoryLeakTracking.swift */ = {isa = PBXFileReference; lastKnownFileType = sourcecode.swift; path = "XCTestCase+MemoryLeakTracking.swift"; sourceTree = "<group>"; };
		0AE668682698498000F988E4 /* URLSessionHTTPClient.swift */ = {isa = PBXFileReference; lastKnownFileType = sourcecode.swift; path = URLSessionHTTPClient.swift; sourceTree = "<group>"; };
		0AE6686E2698887D00F988E4 /* EssentialFeedAPIEndToEndTests.xctest */ = {isa = PBXFileReference; explicitFileType = wrapper.cfbundle; includeInIndex = 0; path = EssentialFeedAPIEndToEndTests.xctest; sourceTree = BUILT_PRODUCTS_DIR; };
		0AE668702698887D00F988E4 /* EssentialFeedAPIEndToEndTests.swift */ = {isa = PBXFileReference; lastKnownFileType = sourcecode.swift; path = EssentialFeedAPIEndToEndTests.swift; sourceTree = "<group>"; };
		0AE668722698887D00F988E4 /* Info.plist */ = {isa = PBXFileReference; lastKnownFileType = text.plist.xml; path = Info.plist; sourceTree = "<group>"; };
		C96F7C4B265FEEF4003B6B2B /* EssentialFeed.framework */ = {isa = PBXFileReference; explicitFileType = wrapper.framework; includeInIndex = 0; path = EssentialFeed.framework; sourceTree = BUILT_PRODUCTS_DIR; };
		C96F7C4E265FEEF4003B6B2B /* EssentialFeed.h */ = {isa = PBXFileReference; lastKnownFileType = sourcecode.c.h; path = EssentialFeed.h; sourceTree = "<group>"; };
		C96F7C4F265FEEF4003B6B2B /* Info.plist */ = {isa = PBXFileReference; lastKnownFileType = text.plist.xml; path = Info.plist; sourceTree = "<group>"; };
		C96F7C54265FEEF4003B6B2B /* EssentialFeedTests.xctest */ = {isa = PBXFileReference; explicitFileType = wrapper.cfbundle; includeInIndex = 0; path = EssentialFeedTests.xctest; sourceTree = BUILT_PRODUCTS_DIR; };
		C96F7C59265FEEF4003B6B2B /* LoadFeedFromRemoteUseCaseTests.swift */ = {isa = PBXFileReference; lastKnownFileType = sourcecode.swift; path = LoadFeedFromRemoteUseCaseTests.swift; sourceTree = "<group>"; };
		C96F7C5B265FEEF4003B6B2B /* Info.plist */ = {isa = PBXFileReference; lastKnownFileType = text.plist.xml; path = Info.plist; sourceTree = "<group>"; };
		C96F7C67265FEF1C003B6B2B /* FeedImage.swift */ = {isa = PBXFileReference; lastKnownFileType = sourcecode.swift; path = FeedImage.swift; sourceTree = "<group>"; };
		C96F7C6B265FEFEC003B6B2B /* FeedLoader.swift */ = {isa = PBXFileReference; lastKnownFileType = sourcecode.swift; path = FeedLoader.swift; sourceTree = "<group>"; };
		C96F7C75265FFF40003B6B2B /* RemoteFeedLoader.swift */ = {isa = PBXFileReference; lastKnownFileType = sourcecode.swift; path = RemoteFeedLoader.swift; sourceTree = "<group>"; };
/* End PBXFileReference section */

/* Begin PBXFrameworksBuildPhase section */
		0A26BEC6282EBDF1002EFE15 /* Frameworks */ = {
			isa = PBXFrameworksBuildPhase;
			buildActionMask = 2147483647;
			files = (
				0A26BEE1282EC930002EFE15 /* EssentialFeed.framework in Frameworks */,
			);
			runOnlyForDeploymentPostprocessing = 0;
		};
		0A26BECD282EBDF1002EFE15 /* Frameworks */ = {
			isa = PBXFrameworksBuildPhase;
			buildActionMask = 2147483647;
			files = (
				0A26BED1282EBDF1002EFE15 /* EssentialFeediOS.framework in Frameworks */,
			);
			runOnlyForDeploymentPostprocessing = 0;
		};
		0A4EB84F282798220093F317 /* Frameworks */ = {
			isa = PBXFrameworksBuildPhase;
			buildActionMask = 2147483647;
			files = (
				0A4EB856282798220093F317 /* EssentialFeed.framework in Frameworks */,
			);
			runOnlyForDeploymentPostprocessing = 0;
		};
		0AE6686B2698887D00F988E4 /* Frameworks */ = {
			isa = PBXFrameworksBuildPhase;
			buildActionMask = 2147483647;
			files = (
				0AE668732698887D00F988E4 /* EssentialFeed.framework in Frameworks */,
			);
			runOnlyForDeploymentPostprocessing = 0;
		};
		C96F7C48265FEEF4003B6B2B /* Frameworks */ = {
			isa = PBXFrameworksBuildPhase;
			buildActionMask = 2147483647;
			files = (
			);
			runOnlyForDeploymentPostprocessing = 0;
		};
		C96F7C51265FEEF4003B6B2B /* Frameworks */ = {
			isa = PBXFrameworksBuildPhase;
			buildActionMask = 2147483647;
			files = (
				C96F7C55265FEEF4003B6B2B /* EssentialFeed.framework in Frameworks */,
			);
			runOnlyForDeploymentPostprocessing = 0;
		};
/* End PBXFrameworksBuildPhase section */

/* Begin PBXGroup section */
		0A26BECA282EBDF1002EFE15 /* EssentialFeediOS */ = {
			isa = PBXGroup;
			children = (
				0A26BEFF283106C0002EFE15 /* Controllers */,
				0A26BF00283106C8002EFE15 /* Views */,
			);
			path = EssentialFeediOS;
			sourceTree = "<group>";
		};
		0A26BED4282EBDF1002EFE15 /* EssentialFeediOSTests */ = {
			isa = PBXGroup;
			children = (
				0A26BF01283106EE002EFE15 /* Controllers */,
				0A26BEF32831038F002EFE15 /* Helpers */,
			);
			path = EssentialFeediOSTests;
			sourceTree = "<group>";
		};
		0A26BEE0282EC930002EFE15 /* Frameworks */ = {
			isa = PBXGroup;
			children = (
			);
			name = Frameworks;
			sourceTree = "<group>";
		};
		0A26BEF32831038F002EFE15 /* Helpers */ = {
			isa = PBXGroup;
			children = (
				0A26BEFB283105B7002EFE15 /* UIButton+TestHelpers.swift */,
				0A26BEFD2831060C002EFE15 /* UIControl+TestHelpers.swift */,
				0A26BEF7283104C9002EFE15 /* UIImage+TestHelpers.swift */,
				0A26BEF928310563002EFE15 /* UIRefreshControl+TestHelpers.swift */,
			);
			path = Helpers;
			sourceTree = "<group>";
		};
		0A26BEFF283106C0002EFE15 /* Controllers */ = {
			isa = PBXGroup;
			children = (
				0A26BEE7282ED1AE002EFE15 /* FeedViewController.swift */,
			);
			path = Controllers;
			sourceTree = "<group>";
		};
		0A26BF00283106C8002EFE15 /* Views */ = {
			isa = PBXGroup;
			children = (
				0A26BEE9282ED753002EFE15 /* FeedImageCell.swift */,
				0A26BEEB2830F93B002EFE15 /* UIView+Shimmering.swift */,
			);
			path = Views;
			sourceTree = "<group>";
		};
		0A26BF01283106EE002EFE15 /* Controllers */ = {
			isa = PBXGroup;
			children = (
				0A26BF0228310718002EFE15 /* Helpers */,
				0A26BEDE282EC535002EFE15 /* FeedViewControllerTests.swift */,
			);
			path = Controllers;
			sourceTree = "<group>";
		};
		0A26BF0228310718002EFE15 /* Helpers */ = {
			isa = PBXGroup;
			children = (
				0A26BF0328310735002EFE15 /* FeedViewController+TestHelpers.swift */,
			);
			path = Helpers;
			sourceTree = "<group>";
		};
		0A4EB83D28278CCD0093F317 /* FeedStoreSpecs */ = {
			isa = PBXGroup;
			children = (
				0A4EB832282785A90093F317 /* FeedStoreSpecs.swift */,
				0A4EB83B28278C5C0093F317 /* XCTestCase+FailableDeleteFeedStoreSpecs.swift */,
				0A4EB83828278BD20093F317 /* XCTestCase+FailableInsertFeedStoreSpecs.swift */,
				0A4EB83628278B530093F317 /* XCTestCase+FailableRetrieveFeedStoreSpecs.swift */,
				0A4EB8342827869F0093F317 /* XCTestCase+FeedStoreSpecs.swift */,
			);
			path = FeedStoreSpecs;
			sourceTree = "<group>";
		};
		0A4EB83E28278ECF0093F317 /* Infrastructure */ = {
			isa = PBXGroup;
			children = (
				0A4EB84028278EE90093F317 /* CoreData */,
			);
			path = Infrastructure;
			sourceTree = "<group>";
		};
		0A4EB84028278EE90093F317 /* CoreData */ = {
			isa = PBXGroup;
			children = (
				0A4EB84128278F510093F317 /* CoreDataFeedStore.swift */,
				0A4EB84328278F7B0093F317 /* CoreDataHelpers.swift */,
				0A4EB8492827906A0093F317 /* FeedStore.xcdatamodeld */,
				0A4EB84528278FB60093F317 /* ManagedCache.swift */,
				0A4EB84728278FEA0093F317 /* ManagedFeedImage.swift */,
			);
			path = CoreData;
			sourceTree = "<group>";
		};
		0A4EB853282798220093F317 /* EssentialFeedCacheIntegrationTests */ = {
			isa = PBXGroup;
			children = (
				0A4EB854282798220093F317 /* EssentialFeedCacheIntegrationTests.swift */,
			);
			path = EssentialFeedCacheIntegrationTests;
			sourceTree = "<group>";
		};
		0A5450C6279DBE2A000AC44B /* Feed Cache */ = {
			isa = PBXGroup;
			children = (
				0A4EB83D28278CCD0093F317 /* FeedStoreSpecs */,
				0A7165F9279EDB6100C41C10 /* Helpers */,
				0A5450C7279DBE50000AC44B /* CacheFeedUseCaseTests.swift */,
				0A4EB84C282791900093F317 /* CoreDataFeedStoreTests.swift */,
				0A7165F7279ED99A00C41C10 /* LoadFeedFromCacheUseCaseTests.swift */,
				0A7165FC279F022000C41C10 /* ValidateFeedCacheUseCaseTests.swift */,
			);
			path = "Feed Cache";
			sourceTree = "<group>";
		};
		0A5450C9279DF0AB000AC44B /* Feed Cache */ = {
			isa = PBXGroup;
			children = (
				0A4EB83E28278ECF0093F317 /* Infrastructure */,
				0A82D452281C33FE0028F83D /* FeedCachePolicy.swift */,
				0A5450CC279DF137000AC44B /* FeedStore.swift */,
				0A7165F5279ED54700C41C10 /* LocalFeedImage.swift */,
				0A5450CA279DF0BE000AC44B /* LocalFeedLoader.swift */,
			);
			path = "Feed Cache";
			sourceTree = "<group>";
		};
		0A7165F9279EDB6100C41C10 /* Helpers */ = {
			isa = PBXGroup;
			children = (
				0A7165FE279F06C200C41C10 /* FeedCacheTestHelpers.swift */,
				0A7165FA279EDB7000C41C10 /* FeedStoreSpy.swift */,
			);
			path = Helpers;
			sourceTree = "<group>";
		};
		0ADAFEE02691F788003458AC /* Feed API */ = {
			isa = PBXGroup;
			children = (
				C96F7C59265FEEF4003B6B2B /* LoadFeedFromRemoteUseCaseTests.swift */,
				0ADAFEE12692055F003458AC /* URLSessionHTTPClientTests.swift */,
			);
			path = "Feed API";
			sourceTree = "<group>";
		};
		0AE6686526982E0700F988E4 /* Helpers */ = {
			isa = PBXGroup;
			children = (
				0A716600279F076400C41C10 /* SharedTestHelpers.swift */,
				0AE6686626982E3700F988E4 /* XCTestCase+MemoryLeakTracking.swift */,
			);
			path = Helpers;
			sourceTree = "<group>";
		};
		0AE6686F2698887D00F988E4 /* EssentialFeedAPIEndToEndTests */ = {
			isa = PBXGroup;
			children = (
				0AE668702698887D00F988E4 /* EssentialFeedAPIEndToEndTests.swift */,
				0AE668722698887D00F988E4 /* Info.plist */,
			);
			path = EssentialFeedAPIEndToEndTests;
			sourceTree = "<group>";
		};
		C96F7C41265FEEF4003B6B2B = {
			isa = PBXGroup;
			children = (
				0A74ACE5282905200019D59F /* README.md */,
				C96F7C4D265FEEF4003B6B2B /* EssentialFeed */,
				C96F7C58265FEEF4003B6B2B /* EssentialFeedTests */,
				0AE6686F2698887D00F988E4 /* EssentialFeedAPIEndToEndTests */,
				0A4EB853282798220093F317 /* EssentialFeedCacheIntegrationTests */,
				0A26BECA282EBDF1002EFE15 /* EssentialFeediOS */,
				0A26BED4282EBDF1002EFE15 /* EssentialFeediOSTests */,
				C96F7C4C265FEEF4003B6B2B /* Products */,
				0A26BEE0282EC930002EFE15 /* Frameworks */,
			);
			sourceTree = "<group>";
		};
		C96F7C4C265FEEF4003B6B2B /* Products */ = {
			isa = PBXGroup;
			children = (
				C96F7C4B265FEEF4003B6B2B /* EssentialFeed.framework */,
				C96F7C54265FEEF4003B6B2B /* EssentialFeedTests.xctest */,
				0AE6686E2698887D00F988E4 /* EssentialFeedAPIEndToEndTests.xctest */,
				0A4EB852282798220093F317 /* EssentialFeedCacheIntegrationTests.xctest */,
				0A26BEC9282EBDF1002EFE15 /* EssentialFeediOS.framework */,
				0A26BED0282EBDF1002EFE15 /* EssentialFeediOSTests.xctest */,
			);
			name = Products;
			sourceTree = "<group>";
		};
		C96F7C4D265FEEF4003B6B2B /* EssentialFeed */ = {
			isa = PBXGroup;
			children = (
				C96F7C74265FFF28003B6B2B /* Feed API */,
				0A5450C9279DF0AB000AC44B /* Feed Cache */,
				C96F7C71265FF0D1003B6B2B /* Feed Feature */,
				C96F7C4E265FEEF4003B6B2B /* EssentialFeed.h */,
				C96F7C4F265FEEF4003B6B2B /* Info.plist */,
			);
			path = EssentialFeed;
			sourceTree = "<group>";
		};
		C96F7C58265FEEF4003B6B2B /* EssentialFeedTests */ = {
			isa = PBXGroup;
			children = (
				0ADAFEE02691F788003458AC /* Feed API */,
				0A5450C6279DBE2A000AC44B /* Feed Cache */,
				0AE6686526982E0700F988E4 /* Helpers */,
				C96F7C5B265FEEF4003B6B2B /* Info.plist */,
			);
			path = EssentialFeedTests;
			sourceTree = "<group>";
		};
		C96F7C71265FF0D1003B6B2B /* Feed Feature */ = {
			isa = PBXGroup;
			children = (
				C96F7C67265FEF1C003B6B2B /* FeedImage.swift */,
				C96F7C6B265FEFEC003B6B2B /* FeedLoader.swift */,
			);
			path = "Feed Feature";
			sourceTree = "<group>";
		};
		C96F7C74265FFF28003B6B2B /* Feed API */ = {
			isa = PBXGroup;
			children = (
				0ADAFEDE2691EEE5003458AC /* FeedItemsMapper.swift */,
				0ADAFEDA2691EE53003458AC /* HTTPClient.swift */,
				0A7165F3279ED4E200C41C10 /* RemoteFeedItem.swift */,
				C96F7C75265FFF40003B6B2B /* RemoteFeedLoader.swift */,
				0AE668682698498000F988E4 /* URLSessionHTTPClient.swift */,
			);
			path = "Feed API";
			sourceTree = "<group>";
		};
/* End PBXGroup section */

/* Begin PBXHeadersBuildPhase section */
		0A26BEC4282EBDF1002EFE15 /* Headers */ = {
			isa = PBXHeadersBuildPhase;
			buildActionMask = 2147483647;
			files = (
			);
			runOnlyForDeploymentPostprocessing = 0;
		};
		C96F7C46265FEEF4003B6B2B /* Headers */ = {
			isa = PBXHeadersBuildPhase;
			buildActionMask = 2147483647;
			files = (
				C96F7C5C265FEEF4003B6B2B /* EssentialFeed.h in Headers */,
			);
			runOnlyForDeploymentPostprocessing = 0;
		};
/* End PBXHeadersBuildPhase section */

/* Begin PBXNativeTarget section */
		0A26BEC8282EBDF1002EFE15 /* EssentialFeediOS */ = {
			isa = PBXNativeTarget;
			buildConfigurationList = 0A26BED8282EBDF1002EFE15 /* Build configuration list for PBXNativeTarget "EssentialFeediOS" */;
			buildPhases = (
				0A26BEC4282EBDF1002EFE15 /* Headers */,
				0A26BEC5282EBDF1002EFE15 /* Sources */,
				0A26BEC6282EBDF1002EFE15 /* Frameworks */,
				0A26BEC7282EBDF1002EFE15 /* Resources */,
				0A26BEE5282EC930002EFE15 /* Embed Frameworks */,
			);
			buildRules = (
			);
			dependencies = (
				0A26BEE4282EC930002EFE15 /* PBXTargetDependency */,
			);
			name = EssentialFeediOS;
			productName = EssentialFeediOS;
			productReference = 0A26BEC9282EBDF1002EFE15 /* EssentialFeediOS.framework */;
			productType = "com.apple.product-type.framework";
		};
		0A26BECF282EBDF1002EFE15 /* EssentialFeediOSTests */ = {
			isa = PBXNativeTarget;
			buildConfigurationList = 0A26BEDB282EBDF1002EFE15 /* Build configuration list for PBXNativeTarget "EssentialFeediOSTests" */;
			buildPhases = (
				0A26BECC282EBDF1002EFE15 /* Sources */,
				0A26BECD282EBDF1002EFE15 /* Frameworks */,
				0A26BECE282EBDF1002EFE15 /* Resources */,
			);
			buildRules = (
			);
			dependencies = (
				0A26BED3282EBDF1002EFE15 /* PBXTargetDependency */,
			);
			name = EssentialFeediOSTests;
			productName = EssentialFeediOSTests;
			productReference = 0A26BED0282EBDF1002EFE15 /* EssentialFeediOSTests.xctest */;
			productType = "com.apple.product-type.bundle.unit-test";
		};
		0A4EB851282798220093F317 /* EssentialFeedCacheIntegrationTests */ = {
			isa = PBXNativeTarget;
			buildConfigurationList = 0A4EB859282798220093F317 /* Build configuration list for PBXNativeTarget "EssentialFeedCacheIntegrationTests" */;
			buildPhases = (
				0A4EB84E282798220093F317 /* Sources */,
				0A4EB84F282798220093F317 /* Frameworks */,
				0A4EB850282798220093F317 /* Resources */,
			);
			buildRules = (
			);
			dependencies = (
				0A4EB858282798220093F317 /* PBXTargetDependency */,
			);
			name = EssentialFeedCacheIntegrationTests;
			productName = EssentialFeedCacheIntegrationTests;
			productReference = 0A4EB852282798220093F317 /* EssentialFeedCacheIntegrationTests.xctest */;
			productType = "com.apple.product-type.bundle.unit-test";
		};
		0AE6686D2698887D00F988E4 /* EssentialFeedAPIEndToEndTests */ = {
			isa = PBXNativeTarget;
			buildConfigurationList = 0AE668762698887D00F988E4 /* Build configuration list for PBXNativeTarget "EssentialFeedAPIEndToEndTests" */;
			buildPhases = (
				0AE6686A2698887D00F988E4 /* Sources */,
				0AE6686B2698887D00F988E4 /* Frameworks */,
				0AE6686C2698887D00F988E4 /* Resources */,
			);
			buildRules = (
			);
			dependencies = (
				0AE668752698887D00F988E4 /* PBXTargetDependency */,
			);
			name = EssentialFeedAPIEndToEndTests;
			productName = EssentialFeedAPIEndToEndTests;
			productReference = 0AE6686E2698887D00F988E4 /* EssentialFeedAPIEndToEndTests.xctest */;
			productType = "com.apple.product-type.bundle.unit-test";
		};
		C96F7C4A265FEEF4003B6B2B /* EssentialFeed */ = {
			isa = PBXNativeTarget;
			buildConfigurationList = C96F7C5F265FEEF4003B6B2B /* Build configuration list for PBXNativeTarget "EssentialFeed" */;
			buildPhases = (
				C96F7C46265FEEF4003B6B2B /* Headers */,
				0A74ACE2282902B10019D59F /* SwiftFormat */,
				C96F7C47265FEEF4003B6B2B /* Sources */,
				C96F7C48265FEEF4003B6B2B /* Frameworks */,
				C96F7C49265FEEF4003B6B2B /* Resources */,
			);
			buildRules = (
			);
			dependencies = (
			);
			name = EssentialFeed;
			productName = EssentialFeed;
			productReference = C96F7C4B265FEEF4003B6B2B /* EssentialFeed.framework */;
			productType = "com.apple.product-type.framework";
		};
		C96F7C53265FEEF4003B6B2B /* EssentialFeedTests */ = {
			isa = PBXNativeTarget;
			buildConfigurationList = C96F7C62265FEEF4003B6B2B /* Build configuration list for PBXNativeTarget "EssentialFeedTests" */;
			buildPhases = (
				C96F7C50265FEEF4003B6B2B /* Sources */,
				C96F7C51265FEEF4003B6B2B /* Frameworks */,
				C96F7C52265FEEF4003B6B2B /* Resources */,
			);
			buildRules = (
			);
			dependencies = (
				C96F7C57265FEEF4003B6B2B /* PBXTargetDependency */,
			);
			name = EssentialFeedTests;
			productName = EssentialFeedTests;
			productReference = C96F7C54265FEEF4003B6B2B /* EssentialFeedTests.xctest */;
			productType = "com.apple.product-type.bundle.unit-test";
		};
/* End PBXNativeTarget section */

/* Begin PBXProject section */
		C96F7C42265FEEF4003B6B2B /* Project object */ = {
			isa = PBXProject;
			attributes = {
				LastSwiftUpdateCheck = 1320;
				LastUpgradeCheck = 1240;
				TargetAttributes = {
					0A26BEC8282EBDF1002EFE15 = {
						CreatedOnToolsVersion = 13.2.1;
						LastSwiftMigration = 1320;
					};
					0A26BECF282EBDF1002EFE15 = {
						CreatedOnToolsVersion = 13.2.1;
						LastSwiftMigration = 1320;
					};
					0A4EB851282798220093F317 = {
						CreatedOnToolsVersion = 13.2.1;
					};
					0AE6686D2698887D00F988E4 = {
						CreatedOnToolsVersion = 12.5.1;
					};
					C96F7C4A265FEEF4003B6B2B = {
						CreatedOnToolsVersion = 12.4;
						LastSwiftMigration = 1240;
					};
					C96F7C53265FEEF4003B6B2B = {
						CreatedOnToolsVersion = 12.4;
					};
				};
			};
			buildConfigurationList = C96F7C45265FEEF4003B6B2B /* Build configuration list for PBXProject "EssentialFeed" */;
			compatibilityVersion = "Xcode 9.3";
			developmentRegion = en;
			hasScannedForEncodings = 0;
			knownRegions = (
				en,
				Base,
			);
			mainGroup = C96F7C41265FEEF4003B6B2B;
			productRefGroup = C96F7C4C265FEEF4003B6B2B /* Products */;
			projectDirPath = "";
			projectRoot = "";
			targets = (
				C96F7C4A265FEEF4003B6B2B /* EssentialFeed */,
				C96F7C53265FEEF4003B6B2B /* EssentialFeedTests */,
				0AE6686D2698887D00F988E4 /* EssentialFeedAPIEndToEndTests */,
				0A4EB851282798220093F317 /* EssentialFeedCacheIntegrationTests */,
				0A26BEC8282EBDF1002EFE15 /* EssentialFeediOS */,
				0A26BECF282EBDF1002EFE15 /* EssentialFeediOSTests */,
			);
		};
/* End PBXProject section */

/* Begin PBXResourcesBuildPhase section */
		0A26BEC7282EBDF1002EFE15 /* Resources */ = {
			isa = PBXResourcesBuildPhase;
			buildActionMask = 2147483647;
			files = (
			);
			runOnlyForDeploymentPostprocessing = 0;
		};
		0A26BECE282EBDF1002EFE15 /* Resources */ = {
			isa = PBXResourcesBuildPhase;
			buildActionMask = 2147483647;
			files = (
			);
			runOnlyForDeploymentPostprocessing = 0;
		};
		0A4EB850282798220093F317 /* Resources */ = {
			isa = PBXResourcesBuildPhase;
			buildActionMask = 2147483647;
			files = (
			);
			runOnlyForDeploymentPostprocessing = 0;
		};
		0AE6686C2698887D00F988E4 /* Resources */ = {
			isa = PBXResourcesBuildPhase;
			buildActionMask = 2147483647;
			files = (
			);
			runOnlyForDeploymentPostprocessing = 0;
		};
		C96F7C49265FEEF4003B6B2B /* Resources */ = {
			isa = PBXResourcesBuildPhase;
			buildActionMask = 2147483647;
			files = (
			);
			runOnlyForDeploymentPostprocessing = 0;
		};
		C96F7C52265FEEF4003B6B2B /* Resources */ = {
			isa = PBXResourcesBuildPhase;
			buildActionMask = 2147483647;
			files = (
			);
			runOnlyForDeploymentPostprocessing = 0;
		};
/* End PBXResourcesBuildPhase section */

/* Begin PBXShellScriptBuildPhase section */
		0A74ACE2282902B10019D59F /* SwiftFormat */ = {
			isa = PBXShellScriptBuildPhase;
			buildActionMask = 2147483647;
			files = (
			);
			inputFileListPaths = (
			);
			inputPaths = (
			);
			name = SwiftFormat;
			outputFileListPaths = (
			);
			outputPaths = (
			);
			runOnlyForDeploymentPostprocessing = 0;
			shellPath = /bin/sh;
			shellScript = "if [[ $OTHER_SWIFT_FLAGS == *\"-D ED_SKIP_SWIFT_FORMAT\"* ]]; then\n  exit 0;\nfi\n\nBuildTools/SwiftFormat/swiftformat \"$PROJECT_DIR\" --swiftversion 5 --rules indent,linebreaks,trailingSpace,consecutiveBlankLines,blankLinesAtEndOfScope,blankLinesAtStartOfScope,blankLinesBetweenScopes,consecutiveSpaces,duplicateImports,elseOnSameLine,emptyBraces,redundantBreak,redundantInit,redundantLetError,redundantNilInit,redundantType,redundantVoidReturnType,spaceAroundBraces,spaceAroundBrackets,spaceAroundComments,spaceAroundGenerics,spaceAroundOperators,spaceAroundParens,spaceInsideBraces,spaceInsideBrackets,spaceInsideGenerics,spaceInsideParens,void --quiet\n";
		};
/* End PBXShellScriptBuildPhase section */

/* Begin PBXSourcesBuildPhase section */
		0A26BEC5282EBDF1002EFE15 /* Sources */ = {
			isa = PBXSourcesBuildPhase;
			buildActionMask = 2147483647;
			files = (
				0A26BEEC2830F93B002EFE15 /* UIView+Shimmering.swift in Sources */,
				0A26BEE8282ED1AE002EFE15 /* FeedViewController.swift in Sources */,
				0A26BEEA282ED753002EFE15 /* FeedImageCell.swift in Sources */,
			);
			runOnlyForDeploymentPostprocessing = 0;
		};
		0A26BECC282EBDF1002EFE15 /* Sources */ = {
			isa = PBXSourcesBuildPhase;
			buildActionMask = 2147483647;
			files = (
				0A26BEDF282EC535002EFE15 /* FeedViewControllerTests.swift in Sources */,
				0A26BEFC283105B7002EFE15 /* UIButton+TestHelpers.swift in Sources */,
				0A26BEFA28310563002EFE15 /* UIRefreshControl+TestHelpers.swift in Sources */,
				0A26BEFE2831060C002EFE15 /* UIControl+TestHelpers.swift in Sources */,
				0A26BF0428310735002EFE15 /* FeedViewController+TestHelpers.swift in Sources */,
				0A26BEE6282ECA0D002EFE15 /* XCTestCase+MemoryLeakTracking.swift in Sources */,
				0A26BEF8283104C9002EFE15 /* UIImage+TestHelpers.swift in Sources */,
			);
			runOnlyForDeploymentPostprocessing = 0;
		};
		0A4EB84E282798220093F317 /* Sources */ = {
			isa = PBXSourcesBuildPhase;
			buildActionMask = 2147483647;
			files = (
				0A4EB85E28279D080093F317 /* SharedTestHelpers.swift in Sources */,
				0A4EB855282798220093F317 /* EssentialFeedCacheIntegrationTests.swift in Sources */,
				0A4EB85D28279CE20093F317 /* FeedCacheTestHelpers.swift in Sources */,
				0A4EB85C28279AE70093F317 /* XCTestCase+MemoryLeakTracking.swift in Sources */,
			);
			runOnlyForDeploymentPostprocessing = 0;
		};
		0AE6686A2698887D00F988E4 /* Sources */ = {
			isa = PBXSourcesBuildPhase;
			buildActionMask = 2147483647;
			files = (
				0AE668712698887D00F988E4 /* EssentialFeedAPIEndToEndTests.swift in Sources */,
				0AE668792698955600F988E4 /* XCTestCase+MemoryLeakTracking.swift in Sources */,
			);
			runOnlyForDeploymentPostprocessing = 0;
		};
		C96F7C47265FEEF4003B6B2B /* Sources */ = {
			isa = PBXSourcesBuildPhase;
			buildActionMask = 2147483647;
			files = (
				0A4EB84628278FB60093F317 /* ManagedCache.swift in Sources */,
				0ADAFEDF2691EEE5003458AC /* FeedItemsMapper.swift in Sources */,
				C96F7C6C265FEFEC003B6B2B /* FeedLoader.swift in Sources */,
				0A7165F4279ED4E200C41C10 /* RemoteFeedItem.swift in Sources */,
				0A82D453281C33FE0028F83D /* FeedCachePolicy.swift in Sources */,
				0A4EB84828278FEA0093F317 /* ManagedFeedImage.swift in Sources */,
				0A4EB84B2827906A0093F317 /* FeedStore.xcdatamodeld in Sources */,
				0A4EB84428278F7B0093F317 /* CoreDataHelpers.swift in Sources */,
				C96F7C76265FFF40003B6B2B /* RemoteFeedLoader.swift in Sources */,
				0A7165F6279ED54700C41C10 /* LocalFeedImage.swift in Sources */,
				0A5450CD279DF137000AC44B /* FeedStore.swift in Sources */,
				0A5450CB279DF0BE000AC44B /* LocalFeedLoader.swift in Sources */,
				0ADAFEDB2691EE53003458AC /* HTTPClient.swift in Sources */,
				C96F7C68265FEF1C003B6B2B /* FeedImage.swift in Sources */,
				0AE668692698498000F988E4 /* URLSessionHTTPClient.swift in Sources */,
				0A4EB84228278F510093F317 /* CoreDataFeedStore.swift in Sources */,
			);
			runOnlyForDeploymentPostprocessing = 0;
		};
		C96F7C50265FEEF4003B6B2B /* Sources */ = {
			isa = PBXSourcesBuildPhase;
			buildActionMask = 2147483647;
			files = (
				0A7165FD279F022000C41C10 /* ValidateFeedCacheUseCaseTests.swift in Sources */,
				C96F7C5A265FEEF4003B6B2B /* LoadFeedFromRemoteUseCaseTests.swift in Sources */,
				0ADAFEE22692055F003458AC /* URLSessionHTTPClientTests.swift in Sources */,
				0A4EB83928278BD20093F317 /* XCTestCase+FailableInsertFeedStoreSpecs.swift in Sources */,
				0A7165FB279EDB7000C41C10 /* FeedStoreSpy.swift in Sources */,
				0A5450C8279DBE50000AC44B /* CacheFeedUseCaseTests.swift in Sources */,
				0A716601279F076400C41C10 /* SharedTestHelpers.swift in Sources */,
				0A7165F8279ED99B00C41C10 /* LoadFeedFromCacheUseCaseTests.swift in Sources */,
				0A4EB83C28278C5C0093F317 /* XCTestCase+FailableDeleteFeedStoreSpecs.swift in Sources */,
				0A4EB83728278B530093F317 /* XCTestCase+FailableRetrieveFeedStoreSpecs.swift in Sources */,
				0AE6686726982E3700F988E4 /* XCTestCase+MemoryLeakTracking.swift in Sources */,
				0A4EB833282785A90093F317 /* FeedStoreSpecs.swift in Sources */,
				0A7165FF279F06C200C41C10 /* FeedCacheTestHelpers.swift in Sources */,
				0A4EB84D282791900093F317 /* CoreDataFeedStoreTests.swift in Sources */,
				0A4EB8352827869F0093F317 /* XCTestCase+FeedStoreSpecs.swift in Sources */,
			);
			runOnlyForDeploymentPostprocessing = 0;
		};
/* End PBXSourcesBuildPhase section */

/* Begin PBXTargetDependency section */
		0A26BED3282EBDF1002EFE15 /* PBXTargetDependency */ = {
			isa = PBXTargetDependency;
			target = 0A26BEC8282EBDF1002EFE15 /* EssentialFeediOS */;
			targetProxy = 0A26BED2282EBDF1002EFE15 /* PBXContainerItemProxy */;
		};
		0A26BEE4282EC930002EFE15 /* PBXTargetDependency */ = {
			isa = PBXTargetDependency;
			platformFilter = ios;
			target = C96F7C4A265FEEF4003B6B2B /* EssentialFeed */;
			targetProxy = 0A26BEE3282EC930002EFE15 /* PBXContainerItemProxy */;
		};
		0A4EB858282798220093F317 /* PBXTargetDependency */ = {
			isa = PBXTargetDependency;
			target = C96F7C4A265FEEF4003B6B2B /* EssentialFeed */;
			targetProxy = 0A4EB857282798220093F317 /* PBXContainerItemProxy */;
		};
		0AE668752698887D00F988E4 /* PBXTargetDependency */ = {
			isa = PBXTargetDependency;
			target = C96F7C4A265FEEF4003B6B2B /* EssentialFeed */;
			targetProxy = 0AE668742698887D00F988E4 /* PBXContainerItemProxy */;
		};
		C96F7C57265FEEF4003B6B2B /* PBXTargetDependency */ = {
			isa = PBXTargetDependency;
			target = C96F7C4A265FEEF4003B6B2B /* EssentialFeed */;
			targetProxy = C96F7C56265FEEF4003B6B2B /* PBXContainerItemProxy */;
		};
/* End PBXTargetDependency section */

/* Begin XCBuildConfiguration section */
		0A26BED9282EBDF1002EFE15 /* Debug */ = {
			isa = XCBuildConfiguration;
			buildSettings = {
				CLANG_CXX_LANGUAGE_STANDARD = "gnu++17";
				CLANG_ENABLE_MODULES = YES;
				CODE_SIGN_STYLE = Automatic;
				CURRENT_PROJECT_VERSION = 1;
				DEFINES_MODULE = YES;
				DEVELOPMENT_TEAM = B9F9P95LAY;
				DYLIB_COMPATIBILITY_VERSION = 1;
				DYLIB_CURRENT_VERSION = 1;
				DYLIB_INSTALL_NAME_BASE = "@rpath";
				GENERATE_INFOPLIST_FILE = YES;
				INFOPLIST_KEY_NSHumanReadableCopyright = "";
				INSTALL_PATH = "$(LOCAL_LIBRARY_DIR)/Frameworks";
				IPHONEOS_DEPLOYMENT_TARGET = 15.2;
				LD_RUNPATH_SEARCH_PATHS = (
					"$(inherited)",
					"@executable_path/Frameworks",
					"@loader_path/Frameworks",
				);
				MARKETING_VERSION = 1.0;
				PRODUCT_BUNDLE_IDENTIFIER = com.aelptos.EssentialFeediOS;
				PRODUCT_NAME = "$(TARGET_NAME:c99extidentifier)";
				SDKROOT = iphoneos;
				SKIP_INSTALL = YES;
				SWIFT_EMIT_LOC_STRINGS = YES;
				SWIFT_OPTIMIZATION_LEVEL = "-Onone";
				SWIFT_VERSION = 5.0;
				TARGETED_DEVICE_FAMILY = "1,2";
			};
			name = Debug;
		};
		0A26BEDA282EBDF1002EFE15 /* Release */ = {
			isa = XCBuildConfiguration;
			buildSettings = {
				CLANG_CXX_LANGUAGE_STANDARD = "gnu++17";
				CLANG_ENABLE_MODULES = YES;
				CODE_SIGN_STYLE = Automatic;
				CURRENT_PROJECT_VERSION = 1;
				DEFINES_MODULE = YES;
				DEVELOPMENT_TEAM = B9F9P95LAY;
				DYLIB_COMPATIBILITY_VERSION = 1;
				DYLIB_CURRENT_VERSION = 1;
				DYLIB_INSTALL_NAME_BASE = "@rpath";
				GENERATE_INFOPLIST_FILE = YES;
				INFOPLIST_KEY_NSHumanReadableCopyright = "";
				INSTALL_PATH = "$(LOCAL_LIBRARY_DIR)/Frameworks";
				IPHONEOS_DEPLOYMENT_TARGET = 15.2;
				LD_RUNPATH_SEARCH_PATHS = (
					"$(inherited)",
					"@executable_path/Frameworks",
					"@loader_path/Frameworks",
				);
				MARKETING_VERSION = 1.0;
				PRODUCT_BUNDLE_IDENTIFIER = com.aelptos.EssentialFeediOS;
				PRODUCT_NAME = "$(TARGET_NAME:c99extidentifier)";
				SDKROOT = iphoneos;
				SKIP_INSTALL = YES;
				SWIFT_EMIT_LOC_STRINGS = YES;
				SWIFT_VERSION = 5.0;
				TARGETED_DEVICE_FAMILY = "1,2";
				VALIDATE_PRODUCT = YES;
			};
			name = Release;
		};
		0A26BEDC282EBDF1002EFE15 /* Debug */ = {
			isa = XCBuildConfiguration;
			buildSettings = {
				ALWAYS_EMBED_SWIFT_STANDARD_LIBRARIES = YES;
				CLANG_CXX_LANGUAGE_STANDARD = "gnu++17";
				CLANG_ENABLE_MODULES = YES;
				CODE_SIGN_STYLE = Automatic;
				CURRENT_PROJECT_VERSION = 1;
				DEVELOPMENT_TEAM = B9F9P95LAY;
				GENERATE_INFOPLIST_FILE = YES;
				IPHONEOS_DEPLOYMENT_TARGET = 15.2;
				LD_RUNPATH_SEARCH_PATHS = (
					"$(inherited)",
					"@executable_path/Frameworks",
					"@loader_path/Frameworks",
				);
				MARKETING_VERSION = 1.0;
				PRODUCT_BUNDLE_IDENTIFIER = com.aelptos.EssentialFeediOSTests;
				PRODUCT_NAME = "$(TARGET_NAME)";
				SDKROOT = iphoneos;
				SWIFT_EMIT_LOC_STRINGS = NO;
				SWIFT_OPTIMIZATION_LEVEL = "-Onone";
				SWIFT_VERSION = 5.0;
				TARGETED_DEVICE_FAMILY = "1,2";
			};
			name = Debug;
		};
		0A26BEDD282EBDF1002EFE15 /* Release */ = {
			isa = XCBuildConfiguration;
			buildSettings = {
				ALWAYS_EMBED_SWIFT_STANDARD_LIBRARIES = YES;
				CLANG_CXX_LANGUAGE_STANDARD = "gnu++17";
				CLANG_ENABLE_MODULES = YES;
				CODE_SIGN_STYLE = Automatic;
				CURRENT_PROJECT_VERSION = 1;
				DEVELOPMENT_TEAM = B9F9P95LAY;
				GENERATE_INFOPLIST_FILE = YES;
				IPHONEOS_DEPLOYMENT_TARGET = 15.2;
				LD_RUNPATH_SEARCH_PATHS = (
					"$(inherited)",
					"@executable_path/Frameworks",
					"@loader_path/Frameworks",
				);
				MARKETING_VERSION = 1.0;
				PRODUCT_BUNDLE_IDENTIFIER = com.aelptos.EssentialFeediOSTests;
				PRODUCT_NAME = "$(TARGET_NAME)";
				SDKROOT = iphoneos;
				SWIFT_EMIT_LOC_STRINGS = NO;
				SWIFT_VERSION = 5.0;
				TARGETED_DEVICE_FAMILY = "1,2";
				VALIDATE_PRODUCT = YES;
			};
			name = Release;
		};
		0A4EB85A282798220093F317 /* Debug */ = {
			isa = XCBuildConfiguration;
			buildSettings = {
				CLANG_CXX_LANGUAGE_STANDARD = "gnu++17";
				CODE_SIGN_STYLE = Automatic;
				CURRENT_PROJECT_VERSION = 1;
				DEVELOPMENT_TEAM = B9F9P95LAY;
				GENERATE_INFOPLIST_FILE = YES;
				MACOSX_DEPLOYMENT_TARGET = 11.6;
				MARKETING_VERSION = 1.0;
				PRODUCT_BUNDLE_IDENTIFIER = com.aelptos.EssentialFeedCacheIntegrationTests;
				PRODUCT_NAME = "$(TARGET_NAME)";
				SUPPORTED_PLATFORMS = "macosx iphoneos iphonesimulator";
				SWIFT_EMIT_LOC_STRINGS = NO;
				SWIFT_VERSION = 5.0;
			};
			name = Debug;
		};
		0A4EB85B282798220093F317 /* Release */ = {
			isa = XCBuildConfiguration;
			buildSettings = {
				CLANG_CXX_LANGUAGE_STANDARD = "gnu++17";
				CODE_SIGN_STYLE = Automatic;
				CURRENT_PROJECT_VERSION = 1;
				DEVELOPMENT_TEAM = B9F9P95LAY;
				GENERATE_INFOPLIST_FILE = YES;
				MACOSX_DEPLOYMENT_TARGET = 11.6;
				MARKETING_VERSION = 1.0;
				PRODUCT_BUNDLE_IDENTIFIER = com.aelptos.EssentialFeedCacheIntegrationTests;
				PRODUCT_NAME = "$(TARGET_NAME)";
				SUPPORTED_PLATFORMS = "macosx iphoneos iphonesimulator";
				SWIFT_EMIT_LOC_STRINGS = NO;
				SWIFT_VERSION = 5.0;
			};
			name = Release;
		};
		0AE668772698887D00F988E4 /* Debug */ = {
			isa = XCBuildConfiguration;
			buildSettings = {
				CODE_SIGN_STYLE = Automatic;
				COMBINE_HIDPI_IMAGES = YES;
				DEVELOPMENT_TEAM = B9F9P95LAY;
				INFOPLIST_FILE = EssentialFeedAPIEndToEndTests/Info.plist;
				LD_RUNPATH_SEARCH_PATHS = (
					"$(inherited)",
					"@executable_path/../Frameworks",
					"@loader_path/../Frameworks",
				);
				MACOSX_DEPLOYMENT_TARGET = 11.3;
				PRODUCT_BUNDLE_IDENTIFIER = com.aelptos.EssentialFeedAPIEndToEndTests;
				PRODUCT_NAME = "$(TARGET_NAME)";
				SUPPORTED_PLATFORMS = "macosx iphonesimulator iphoneos";
				SWIFT_VERSION = 5.0;
			};
			name = Debug;
		};
		0AE668782698887D00F988E4 /* Release */ = {
			isa = XCBuildConfiguration;
			buildSettings = {
				CODE_SIGN_STYLE = Automatic;
				COMBINE_HIDPI_IMAGES = YES;
				DEVELOPMENT_TEAM = B9F9P95LAY;
				INFOPLIST_FILE = EssentialFeedAPIEndToEndTests/Info.plist;
				LD_RUNPATH_SEARCH_PATHS = (
					"$(inherited)",
					"@executable_path/../Frameworks",
					"@loader_path/../Frameworks",
				);
				MACOSX_DEPLOYMENT_TARGET = 11.3;
				PRODUCT_BUNDLE_IDENTIFIER = com.aelptos.EssentialFeedAPIEndToEndTests;
				PRODUCT_NAME = "$(TARGET_NAME)";
				SUPPORTED_PLATFORMS = "macosx iphonesimulator iphoneos";
				SWIFT_VERSION = 5.0;
			};
			name = Release;
		};
		C96F7C5D265FEEF4003B6B2B /* Debug */ = {
			isa = XCBuildConfiguration;
			buildSettings = {
				ALWAYS_SEARCH_USER_PATHS = NO;
				CLANG_ANALYZER_NONNULL = YES;
				CLANG_ANALYZER_NUMBER_OBJECT_CONVERSION = YES_AGGRESSIVE;
				CLANG_CXX_LANGUAGE_STANDARD = "gnu++14";
				CLANG_CXX_LIBRARY = "libc++";
				CLANG_ENABLE_MODULES = YES;
				CLANG_ENABLE_OBJC_ARC = YES;
				CLANG_ENABLE_OBJC_WEAK = YES;
				CLANG_WARN_BLOCK_CAPTURE_AUTORELEASING = YES;
				CLANG_WARN_BOOL_CONVERSION = YES;
				CLANG_WARN_COMMA = YES;
				CLANG_WARN_CONSTANT_CONVERSION = YES;
				CLANG_WARN_DEPRECATED_OBJC_IMPLEMENTATIONS = YES;
				CLANG_WARN_DIRECT_OBJC_ISA_USAGE = YES_ERROR;
				CLANG_WARN_DOCUMENTATION_COMMENTS = YES;
				CLANG_WARN_EMPTY_BODY = YES;
				CLANG_WARN_ENUM_CONVERSION = YES;
				CLANG_WARN_INFINITE_RECURSION = YES;
				CLANG_WARN_INT_CONVERSION = YES;
				CLANG_WARN_NON_LITERAL_NULL_CONVERSION = YES;
				CLANG_WARN_OBJC_IMPLICIT_RETAIN_SELF = YES;
				CLANG_WARN_OBJC_LITERAL_CONVERSION = YES;
				CLANG_WARN_OBJC_ROOT_CLASS = YES_ERROR;
				CLANG_WARN_QUOTED_INCLUDE_IN_FRAMEWORK_HEADER = YES;
				CLANG_WARN_RANGE_LOOP_ANALYSIS = YES;
				CLANG_WARN_STRICT_PROTOTYPES = YES;
				CLANG_WARN_SUSPICIOUS_MOVE = YES;
				CLANG_WARN_UNGUARDED_AVAILABILITY = YES_AGGRESSIVE;
				CLANG_WARN_UNREACHABLE_CODE = YES;
				CLANG_WARN__DUPLICATE_METHOD_MATCH = YES;
				COPY_PHASE_STRIP = NO;
				CURRENT_PROJECT_VERSION = 1;
				DEBUG_INFORMATION_FORMAT = dwarf;
				ENABLE_STRICT_OBJC_MSGSEND = YES;
				ENABLE_TESTABILITY = YES;
				GCC_C_LANGUAGE_STANDARD = gnu11;
				GCC_DYNAMIC_NO_PIC = NO;
				GCC_NO_COMMON_BLOCKS = YES;
				GCC_OPTIMIZATION_LEVEL = 0;
				GCC_PREPROCESSOR_DEFINITIONS = (
					"DEBUG=1",
					"$(inherited)",
				);
				GCC_WARN_64_TO_32_BIT_CONVERSION = YES;
				GCC_WARN_ABOUT_RETURN_TYPE = YES_ERROR;
				GCC_WARN_UNDECLARED_SELECTOR = YES;
				GCC_WARN_UNINITIALIZED_AUTOS = YES_AGGRESSIVE;
				GCC_WARN_UNUSED_FUNCTION = YES;
				GCC_WARN_UNUSED_VARIABLE = YES;
				MACOSX_DEPLOYMENT_TARGET = 11.3;
				MTL_ENABLE_DEBUG_INFO = INCLUDE_SOURCE;
				MTL_FAST_MATH = YES;
				ONLY_ACTIVE_ARCH = YES;
				SDKROOT = macosx;
				SWIFT_ACTIVE_COMPILATION_CONDITIONS = DEBUG;
				SWIFT_OPTIMIZATION_LEVEL = "-Onone";
				VERSIONING_SYSTEM = "apple-generic";
				VERSION_INFO_PREFIX = "";
			};
			name = Debug;
		};
		C96F7C5E265FEEF4003B6B2B /* Release */ = {
			isa = XCBuildConfiguration;
			buildSettings = {
				ALWAYS_SEARCH_USER_PATHS = NO;
				CLANG_ANALYZER_NONNULL = YES;
				CLANG_ANALYZER_NUMBER_OBJECT_CONVERSION = YES_AGGRESSIVE;
				CLANG_CXX_LANGUAGE_STANDARD = "gnu++14";
				CLANG_CXX_LIBRARY = "libc++";
				CLANG_ENABLE_MODULES = YES;
				CLANG_ENABLE_OBJC_ARC = YES;
				CLANG_ENABLE_OBJC_WEAK = YES;
				CLANG_WARN_BLOCK_CAPTURE_AUTORELEASING = YES;
				CLANG_WARN_BOOL_CONVERSION = YES;
				CLANG_WARN_COMMA = YES;
				CLANG_WARN_CONSTANT_CONVERSION = YES;
				CLANG_WARN_DEPRECATED_OBJC_IMPLEMENTATIONS = YES;
				CLANG_WARN_DIRECT_OBJC_ISA_USAGE = YES_ERROR;
				CLANG_WARN_DOCUMENTATION_COMMENTS = YES;
				CLANG_WARN_EMPTY_BODY = YES;
				CLANG_WARN_ENUM_CONVERSION = YES;
				CLANG_WARN_INFINITE_RECURSION = YES;
				CLANG_WARN_INT_CONVERSION = YES;
				CLANG_WARN_NON_LITERAL_NULL_CONVERSION = YES;
				CLANG_WARN_OBJC_IMPLICIT_RETAIN_SELF = YES;
				CLANG_WARN_OBJC_LITERAL_CONVERSION = YES;
				CLANG_WARN_OBJC_ROOT_CLASS = YES_ERROR;
				CLANG_WARN_QUOTED_INCLUDE_IN_FRAMEWORK_HEADER = YES;
				CLANG_WARN_RANGE_LOOP_ANALYSIS = YES;
				CLANG_WARN_STRICT_PROTOTYPES = YES;
				CLANG_WARN_SUSPICIOUS_MOVE = YES;
				CLANG_WARN_UNGUARDED_AVAILABILITY = YES_AGGRESSIVE;
				CLANG_WARN_UNREACHABLE_CODE = YES;
				CLANG_WARN__DUPLICATE_METHOD_MATCH = YES;
				COPY_PHASE_STRIP = NO;
				CURRENT_PROJECT_VERSION = 1;
				DEBUG_INFORMATION_FORMAT = "dwarf-with-dsym";
				ENABLE_NS_ASSERTIONS = NO;
				ENABLE_STRICT_OBJC_MSGSEND = YES;
				GCC_C_LANGUAGE_STANDARD = gnu11;
				GCC_NO_COMMON_BLOCKS = YES;
				GCC_WARN_64_TO_32_BIT_CONVERSION = YES;
				GCC_WARN_ABOUT_RETURN_TYPE = YES_ERROR;
				GCC_WARN_UNDECLARED_SELECTOR = YES;
				GCC_WARN_UNINITIALIZED_AUTOS = YES_AGGRESSIVE;
				GCC_WARN_UNUSED_FUNCTION = YES;
				GCC_WARN_UNUSED_VARIABLE = YES;
				MACOSX_DEPLOYMENT_TARGET = 11.3;
				MTL_ENABLE_DEBUG_INFO = NO;
				MTL_FAST_MATH = YES;
				SDKROOT = macosx;
				SWIFT_COMPILATION_MODE = wholemodule;
				SWIFT_OPTIMIZATION_LEVEL = "-O";
				VERSIONING_SYSTEM = "apple-generic";
				VERSION_INFO_PREFIX = "";
			};
			name = Release;
		};
		C96F7C60265FEEF4003B6B2B /* Debug */ = {
			isa = XCBuildConfiguration;
			buildSettings = {
				CLANG_ENABLE_MODULES = YES;
				CODE_SIGN_STYLE = Automatic;
				COMBINE_HIDPI_IMAGES = YES;
				DEFINES_MODULE = YES;
				DEVELOPMENT_TEAM = B9F9P95LAY;
				DYLIB_COMPATIBILITY_VERSION = 1;
				DYLIB_CURRENT_VERSION = 1;
				DYLIB_INSTALL_NAME_BASE = "@rpath";
				INFOPLIST_FILE = EssentialFeed/Info.plist;
				INSTALL_PATH = "$(LOCAL_LIBRARY_DIR)/Frameworks";
				LD_RUNPATH_SEARCH_PATHS = (
					"$(inherited)",
					"@executable_path/../Frameworks",
					"@loader_path/Frameworks",
				);
				PRODUCT_BUNDLE_IDENTIFIER = com.aelptos.EssentialFeed;
				PRODUCT_NAME = "$(TARGET_NAME:c99extidentifier)";
				SKIP_INSTALL = YES;
				SUPPORTED_PLATFORMS = "macosx iphoneos iphonesimulator";
				SWIFT_OPTIMIZATION_LEVEL = "-Onone";
				SWIFT_VERSION = 5.0;
			};
			name = Debug;
		};
		C96F7C61265FEEF4003B6B2B /* Release */ = {
			isa = XCBuildConfiguration;
			buildSettings = {
				CLANG_ENABLE_MODULES = YES;
				CODE_SIGN_STYLE = Automatic;
				COMBINE_HIDPI_IMAGES = YES;
				DEFINES_MODULE = YES;
				DEVELOPMENT_TEAM = B9F9P95LAY;
				DYLIB_COMPATIBILITY_VERSION = 1;
				DYLIB_CURRENT_VERSION = 1;
				DYLIB_INSTALL_NAME_BASE = "@rpath";
				INFOPLIST_FILE = EssentialFeed/Info.plist;
				INSTALL_PATH = "$(LOCAL_LIBRARY_DIR)/Frameworks";
				LD_RUNPATH_SEARCH_PATHS = (
					"$(inherited)",
					"@executable_path/../Frameworks",
					"@loader_path/Frameworks",
				);
				PRODUCT_BUNDLE_IDENTIFIER = com.aelptos.EssentialFeed;
				PRODUCT_NAME = "$(TARGET_NAME:c99extidentifier)";
				SKIP_INSTALL = YES;
				SUPPORTED_PLATFORMS = "macosx iphoneos iphonesimulator";
				SWIFT_VERSION = 5.0;
			};
			name = Release;
		};
		C96F7C63265FEEF4003B6B2B /* Debug */ = {
			isa = XCBuildConfiguration;
			buildSettings = {
				ALWAYS_EMBED_SWIFT_STANDARD_LIBRARIES = YES;
				CODE_SIGN_STYLE = Automatic;
				COMBINE_HIDPI_IMAGES = YES;
				DEVELOPMENT_TEAM = B9F9P95LAY;
				INFOPLIST_FILE = EssentialFeedTests/Info.plist;
				LD_RUNPATH_SEARCH_PATHS = (
					"$(inherited)",
					"@executable_path/../Frameworks",
					"@loader_path/../Frameworks",
				);
				PRODUCT_BUNDLE_IDENTIFIER = com.bnpparibafortis.EssentialFeedTests;
				PRODUCT_NAME = "$(TARGET_NAME)";
				SUPPORTED_PLATFORMS = "macosx iphoneos iphonesimulator";
				SWIFT_VERSION = 5.0;
			};
			name = Debug;
		};
		C96F7C64265FEEF4003B6B2B /* Release */ = {
			isa = XCBuildConfiguration;
			buildSettings = {
				ALWAYS_EMBED_SWIFT_STANDARD_LIBRARIES = YES;
				CODE_SIGN_STYLE = Automatic;
				COMBINE_HIDPI_IMAGES = YES;
				DEVELOPMENT_TEAM = B9F9P95LAY;
				INFOPLIST_FILE = EssentialFeedTests/Info.plist;
				LD_RUNPATH_SEARCH_PATHS = (
					"$(inherited)",
					"@executable_path/../Frameworks",
					"@loader_path/../Frameworks",
				);
				PRODUCT_BUNDLE_IDENTIFIER = com.bnpparibafortis.EssentialFeedTests;
				PRODUCT_NAME = "$(TARGET_NAME)";
				SUPPORTED_PLATFORMS = "macosx iphoneos iphonesimulator";
				SWIFT_VERSION = 5.0;
			};
			name = Release;
		};
/* End XCBuildConfiguration section */

/* Begin XCConfigurationList section */
		0A26BED8282EBDF1002EFE15 /* Build configuration list for PBXNativeTarget "EssentialFeediOS" */ = {
			isa = XCConfigurationList;
			buildConfigurations = (
				0A26BED9282EBDF1002EFE15 /* Debug */,
				0A26BEDA282EBDF1002EFE15 /* Release */,
			);
			defaultConfigurationIsVisible = 0;
			defaultConfigurationName = Release;
		};
		0A26BEDB282EBDF1002EFE15 /* Build configuration list for PBXNativeTarget "EssentialFeediOSTests" */ = {
			isa = XCConfigurationList;
			buildConfigurations = (
				0A26BEDC282EBDF1002EFE15 /* Debug */,
				0A26BEDD282EBDF1002EFE15 /* Release */,
			);
			defaultConfigurationIsVisible = 0;
			defaultConfigurationName = Release;
		};
		0A4EB859282798220093F317 /* Build configuration list for PBXNativeTarget "EssentialFeedCacheIntegrationTests" */ = {
			isa = XCConfigurationList;
			buildConfigurations = (
				0A4EB85A282798220093F317 /* Debug */,
				0A4EB85B282798220093F317 /* Release */,
			);
			defaultConfigurationIsVisible = 0;
			defaultConfigurationName = Release;
		};
		0AE668762698887D00F988E4 /* Build configuration list for PBXNativeTarget "EssentialFeedAPIEndToEndTests" */ = {
			isa = XCConfigurationList;
			buildConfigurations = (
				0AE668772698887D00F988E4 /* Debug */,
				0AE668782698887D00F988E4 /* Release */,
			);
			defaultConfigurationIsVisible = 0;
			defaultConfigurationName = Release;
		};
		C96F7C45265FEEF4003B6B2B /* Build configuration list for PBXProject "EssentialFeed" */ = {
			isa = XCConfigurationList;
			buildConfigurations = (
				C96F7C5D265FEEF4003B6B2B /* Debug */,
				C96F7C5E265FEEF4003B6B2B /* Release */,
			);
			defaultConfigurationIsVisible = 0;
			defaultConfigurationName = Release;
		};
		C96F7C5F265FEEF4003B6B2B /* Build configuration list for PBXNativeTarget "EssentialFeed" */ = {
			isa = XCConfigurationList;
			buildConfigurations = (
				C96F7C60265FEEF4003B6B2B /* Debug */,
				C96F7C61265FEEF4003B6B2B /* Release */,
			);
			defaultConfigurationIsVisible = 0;
			defaultConfigurationName = Release;
		};
		C96F7C62265FEEF4003B6B2B /* Build configuration list for PBXNativeTarget "EssentialFeedTests" */ = {
			isa = XCConfigurationList;
			buildConfigurations = (
				C96F7C63265FEEF4003B6B2B /* Debug */,
				C96F7C64265FEEF4003B6B2B /* Release */,
			);
			defaultConfigurationIsVisible = 0;
			defaultConfigurationName = Release;
		};
/* End XCConfigurationList section */

/* Begin XCVersionGroup section */
		0A4EB8492827906A0093F317 /* FeedStore.xcdatamodeld */ = {
			isa = XCVersionGroup;
			children = (
				0A4EB84A2827906A0093F317 /* FeedStore.xcdatamodel */,
			);
			currentVersion = 0A4EB84A2827906A0093F317 /* FeedStore.xcdatamodel */;
			path = FeedStore.xcdatamodeld;
			sourceTree = "<group>";
			versionGroupType = wrapper.xcdatamodel;
		};
/* End XCVersionGroup section */
	};
	rootObject = C96F7C42265FEEF4003B6B2B /* Project object */;
}
